// !$*UTF8*$!
{
	archiveVersion = 1;
	classes = {
	};
	objectVersion = 46;
	objects = {

/* Begin PBXBuildFile section */
		3903139F1EB9BC8B006FE79A /* Test.swift in Sources */ = {isa = PBXBuildFile; fileRef = 3903139E1EB9BC8B006FE79A /* Test.swift */; };
		392561BC1EC0BBF500A9E3FF /* DCDD.swift in Sources */ = {isa = PBXBuildFile; fileRef = 392561BB1EC0BBF500A9E3FF /* DCDD.swift */; };
		392561C01EC0E79E00A9E3FF /* TestDatabase.swift in Sources */ = {isa = PBXBuildFile; fileRef = 392561BF1EC0E79E00A9E3FF /* TestDatabase.swift */; };
		392561C21EC0FCA400A9E3FF /* TestSubject.swift in Sources */ = {isa = PBXBuildFile; fileRef = 392561C11EC0FCA400A9E3FF /* TestSubject.swift */; };
		392561C61EC2297700A9E3FF /* DC공인중개사.swift in Sources */ = {isa = PBXBuildFile; fileRef = 392561C51EC2297700A9E3FF /* DC공인중개사.swift */; };
		394E08471EBE70FB005A835D /* DC변호사시험.swift in Sources */ = {isa = PBXBuildFile; fileRef = 394E08461EBE70FB005A835D /* DC변호사시험.swift */; };
		394E084A1EBEF693005A835D /* Templet.swift in Sources */ = {isa = PBXBuildFile; fileRef = 394E08491EBEF693005A835D /* Templet.swift */; };
		395BF6D31E82BA36004BE198 /* main.swift in Sources */ = {isa = PBXBuildFile; fileRef = 395BF6D21E82BA36004BE198 /* main.swift */; };
		396291AE1EBC41CC00FADC4C /* List.swift in Sources */ = {isa = PBXBuildFile; fileRef = 396291AD1EBC41CC00FADC4C /* List.swift */; };
		396291B31EBC60C300FADC4C /* Selection.swift in Sources */ = {isa = PBXBuildFile; fileRef = 396291B21EBC60C300FADC4C /* Selection.swift */; };
		39633DDF1E9B134B00F9FD4D /* QuestionShuffled.swift in Sources */ = {isa = PBXBuildFile; fileRef = 39633DDE1E9B134B00F9FD4D /* QuestionShuffled.swift */; };
		397214D51EBD818800FDCD62 /* 4. Book.swift in Sources */ = {isa = PBXBuildFile; fileRef = 397214D41EBD818800FDCD62 /* 4. Book.swift */; };
		397214D71EBD82E800FDCD62 /* DataStructure.swift in Sources */ = {isa = PBXBuildFile; fileRef = 397214D61EBD82E800FDCD62 /* DataStructure.swift */; };
		397631B31EB6F08D0040CE01 /* DataConverter.swift in Sources */ = {isa = PBXBuildFile; fileRef = 397631B21EB6F08D0040CE01 /* DataConverter.swift */; };
		397631B51EB6F4CE0040CE01 /* DC법조윤리.swift in Sources */ = {isa = PBXBuildFile; fileRef = 397631B41EB6F4CE0040CE01 /* DC법조윤리.swift */; };
		39DF734B1EAF2EFE005AD7D7 /* 3. Keyword.swift in Sources */ = {isa = PBXBuildFile; fileRef = 39DF734A1EAF2EFE005AD7D7 /* 3. Keyword.swift */; };
		39DF734D1EAF4036005AD7D7 /* Note.swift in Sources */ = {isa = PBXBuildFile; fileRef = 39DF734C1EAF4036005AD7D7 /* Note.swift */; };
		39E1DE131E82BE54006F3DB9 /* Statement.swift in Sources */ = {isa = PBXBuildFile; fileRef = 39E1DE121E82BE54006F3DB9 /* Statement.swift */; };
		39E1DE151E82BF31006F3DB9 /* Codes.swift in Sources */ = {isa = PBXBuildFile; fileRef = 39E1DE141E82BF31006F3DB9 /* Codes.swift */; };
		39E1DE171E82BFEE006F3DB9 /* Cases.swift in Sources */ = {isa = PBXBuildFile; fileRef = 39E1DE161E82BFEE006F3DB9 /* Cases.swift */; };
		39E1DE191E82C091006F3DB9 /* Question.swift in Sources */ = {isa = PBXBuildFile; fileRef = 39E1DE181E82C091006F3DB9 /* Question.swift */; };
		39E1DE1B1E82C250006F3DB9 /* InputManager.swift in Sources */ = {isa = PBXBuildFile; fileRef = 39E1DE1A1E82C250006F3DB9 /* InputManager.swift */; };
		39E1DE1D1E82C842006F3DB9 /* TestCategory.swift in Sources */ = {isa = PBXBuildFile; fileRef = 39E1DE1C1E82C842006F3DB9 /* TestCategory.swift */; };
		39E7E2AE1EBB263700087D73 /* QShufflingManager.swift in Sources */ = {isa = PBXBuildFile; fileRef = 39E7E2AD1EBB263700087D73 /* QShufflingManager.swift */; };
		39E7E2B21EBB88E800087D73 /* OutputManager.swift in Sources */ = {isa = PBXBuildFile; fileRef = 39E7E2B11EBB88E800087D73 /* OutputManager.swift */; };
/* End PBXBuildFile section */

/* Begin PBXCopyFilesBuildPhase section */
		395BF6CD1E82BA36004BE198 /* CopyFiles */ = {
			isa = PBXCopyFilesBuildPhase;
			buildActionMask = 2147483647;
			dstPath = /usr/share/man/man1/;
			dstSubfolderSpec = 0;
			files = (
			);
			runOnlyForDeploymentPostprocessing = 1;
		};
		39E84C031EB7743F00E3790F /* CopyFiles */ = {
			isa = PBXCopyFilesBuildPhase;
			buildActionMask = 2147483647;
			dstPath = "";
			dstSubfolderSpec = 7;
			files = (
			);
			runOnlyForDeploymentPostprocessing = 0;
		};
/* End PBXCopyFilesBuildPhase section */

/* Begin PBXFileReference section */
		3903139D1EB98F7F006FE79A /* MyPlayground.playground */ = {isa = PBXFileReference; lastKnownFileType = file.playground; path = MyPlayground.playground; sourceTree = "<group>"; };
		3903139E1EB9BC8B006FE79A /* Test.swift */ = {isa = PBXFileReference; fileEncoding = 4; lastKnownFileType = sourcecode.swift; path = Test.swift; sourceTree = "<group>"; };
		392561BB1EC0BBF500A9E3FF /* DCDD.swift */ = {isa = PBXFileReference; fileEncoding = 4; lastKnownFileType = sourcecode.swift; path = DCDD.swift; sourceTree = "<group>"; };
		392561BD1EC0BCD000A9E3FF /* Test.txt */ = {isa = PBXFileReference; lastKnownFileType = text; name = Test.txt; path = ../../Test/TestGeneratorResource/Test.txt; sourceTree = "<group>"; };
		392561BE1EC0BD0800A9E3FF /* TestAnswer.json */ = {isa = PBXFileReference; lastKnownFileType = text.json; name = TestAnswer.json; path = ../../Test/TestGeneratorResource/TestAnswer.json; sourceTree = "<group>"; };
		392561BF1EC0E79E00A9E3FF /* TestDatabase.swift */ = {isa = PBXFileReference; fileEncoding = 4; lastKnownFileType = sourcecode.swift; path = TestDatabase.swift; sourceTree = "<group>"; };
		392561C11EC0FCA400A9E3FF /* TestSubject.swift */ = {isa = PBXFileReference; fileEncoding = 4; lastKnownFileType = sourcecode.swift; path = TestSubject.swift; sourceTree = "<group>"; };
		392561C41EC2294E00A9E3FF /* 공인중개사-정답.json */ = {isa = PBXFileReference; lastKnownFileType = text.json; name = "공인중개사-정답.json"; path = "../../Test/TestGeneratorResource/공인중개사-정답.json"; sourceTree = "<group>"; };
		392561C51EC2297700A9E3FF /* DC공인중개사.swift */ = {isa = PBXFileReference; fileEncoding = 4; lastKnownFileType = sourcecode.swift; path = "DC공인중개사.swift"; sourceTree = "<group>"; };
		394E08441EBE70B8005A835D /* 변호사시험 1~6회 민사법 정답.json */ = {isa = PBXFileReference; lastKnownFileType = text.json; name = "변호사시험 1~6회 민사법 정답.json"; path = "../../Test/TestGeneratorResource/변호사시험 1~6회 민사법 정답.json"; sourceTree = "<group>"; };
		394E08461EBE70FB005A835D /* DC변호사시험.swift */ = {isa = PBXFileReference; fileEncoding = 4; lastKnownFileType = sourcecode.swift; path = "DC변호사시험.swift"; sourceTree = "<group>"; };
		394E08481EBE714E005A835D /* 변호사시험-1~6회-민사법.txt */ = {isa = PBXFileReference; lastKnownFileType = text; name = "변호사시험-1~6회-민사법.txt"; path = "../../Test/TestGeneratorResource/변호사시험-1~6회-민사법.txt"; sourceTree = "<group>"; };
		394E08491EBEF693005A835D /* Templet.swift */ = {isa = PBXFileReference; fileEncoding = 4; lastKnownFileType = sourcecode.swift; path = Templet.swift; sourceTree = "<group>"; };
		395BF6CF1E82BA36004BE198 /* TestGenerator */ = {isa = PBXFileReference; explicitFileType = "compiled.mach-o.executable"; includeInIndex = 0; path = TestGenerator; sourceTree = BUILT_PRODUCTS_DIR; };
		395BF6D21E82BA36004BE198 /* main.swift */ = {isa = PBXFileReference; lastKnownFileType = sourcecode.swift; path = main.swift; sourceTree = "<group>"; };
		396291AD1EBC41CC00FADC4C /* List.swift */ = {isa = PBXFileReference; fileEncoding = 4; lastKnownFileType = sourcecode.swift; path = List.swift; sourceTree = "<group>"; };
		396291B21EBC60C300FADC4C /* Selection.swift */ = {isa = PBXFileReference; fileEncoding = 4; lastKnownFileType = sourcecode.swift; path = Selection.swift; sourceTree = "<group>"; };
		39633DDE1E9B134B00F9FD4D /* QuestionShuffled.swift */ = {isa = PBXFileReference; fileEncoding = 4; lastKnownFileType = sourcecode.swift; path = QuestionShuffled.swift; sourceTree = "<group>"; };
		397214D41EBD818800FDCD62 /* 4. Book.swift */ = {isa = PBXFileReference; fileEncoding = 4; lastKnownFileType = sourcecode.swift; path = "4. Book.swift"; sourceTree = "<group>"; };
		397214D61EBD82E800FDCD62 /* DataStructure.swift */ = {isa = PBXFileReference; fileEncoding = 4; lastKnownFileType = sourcecode.swift; path = DataStructure.swift; sourceTree = "<group>"; };
		397631B21EB6F08D0040CE01 /* DataConverter.swift */ = {isa = PBXFileReference; fileEncoding = 4; lastKnownFileType = sourcecode.swift; path = DataConverter.swift; sourceTree = "<group>"; };
		397631B41EB6F4CE0040CE01 /* DC법조윤리.swift */ = {isa = PBXFileReference; fileEncoding = 4; lastKnownFileType = sourcecode.swift; path = "DC법조윤리.swift"; sourceTree = "<group>"; };
		39DF734A1EAF2EFE005AD7D7 /* 3. Keyword.swift */ = {isa = PBXFileReference; fileEncoding = 4; lastKnownFileType = sourcecode.swift; path = "3. Keyword.swift"; sourceTree = "<group>"; };
		39DF734C1EAF4036005AD7D7 /* Note.swift */ = {isa = PBXFileReference; fileEncoding = 4; lastKnownFileType = sourcecode.swift; path = Note.swift; sourceTree = "<group>"; };
		39E1DE121E82BE54006F3DB9 /* Statement.swift */ = {isa = PBXFileReference; fileEncoding = 4; lastKnownFileType = sourcecode.swift; path = Statement.swift; sourceTree = "<group>"; };
		39E1DE141E82BF31006F3DB9 /* Codes.swift */ = {isa = PBXFileReference; fileEncoding = 4; lastKnownFileType = sourcecode.swift; path = Codes.swift; sourceTree = "<group>"; };
		39E1DE161E82BFEE006F3DB9 /* Cases.swift */ = {isa = PBXFileReference; fileEncoding = 4; lastKnownFileType = sourcecode.swift; path = Cases.swift; sourceTree = "<group>"; };
		39E1DE181E82C091006F3DB9 /* Question.swift */ = {isa = PBXFileReference; fileEncoding = 4; lastKnownFileType = sourcecode.swift; path = Question.swift; sourceTree = "<group>"; };
		39E1DE1A1E82C250006F3DB9 /* InputManager.swift */ = {isa = PBXFileReference; fileEncoding = 4; lastKnownFileType = sourcecode.swift; path = InputManager.swift; sourceTree = "<group>"; };
		39E1DE1C1E82C842006F3DB9 /* TestCategory.swift */ = {isa = PBXFileReference; fileEncoding = 4; lastKnownFileType = sourcecode.swift; path = TestCategory.swift; sourceTree = "<group>"; };
		39E7E2AD1EBB263700087D73 /* QShufflingManager.swift */ = {isa = PBXFileReference; fileEncoding = 4; lastKnownFileType = sourcecode.swift; path = QShufflingManager.swift; sourceTree = "<group>"; };
		39E7E2B11EBB88E800087D73 /* OutputManager.swift */ = {isa = PBXFileReference; fileEncoding = 4; lastKnownFileType = sourcecode.swift; path = OutputManager.swift; sourceTree = "<group>"; };
		39F2DEF11EBA4C3C005F5A30 /* 변호사윤리시험-1회~7회-법조윤리-정답.json */ = {isa = PBXFileReference; lastKnownFileType = text.json; name = "변호사윤리시험-1회~7회-법조윤리-정답.json"; path = "../../Test/TestGeneratorResource/변호사윤리시험-1회~7회-법조윤리-정답.json"; sourceTree = "<group>"; };
		39F2DEF21EBA4F47005F5A30 /* 변호사윤리시험-1회~7회-법조윤리-문제.txt */ = {isa = PBXFileReference; lastKnownFileType = text; name = "변호사윤리시험-1회~7회-법조윤리-문제.txt"; path = "../../Test/TestGeneratorResource/변호사윤리시험-1회~7회-법조윤리-문제.txt"; sourceTree = "<group>"; };
/* End PBXFileReference section */

/* Begin PBXFrameworksBuildPhase section */
		395BF6CC1E82BA36004BE198 /* Frameworks */ = {
			isa = PBXFrameworksBuildPhase;
			buildActionMask = 2147483647;
			files = (
			);
			runOnlyForDeploymentPostprocessing = 0;
		};
/* End PBXFrameworksBuildPhase section */

/* Begin PBXGroup section */
		392561BA1EC0BBD700A9E3FF /* DefaultData */ = {
			isa = PBXGroup;
			children = (
				392561BB1EC0BBF500A9E3FF /* DCDD.swift */,
				392561BE1EC0BD0800A9E3FF /* TestAnswer.json */,
				392561BD1EC0BCD000A9E3FF /* Test.txt */,
			);
			name = DefaultData;
			sourceTree = "<group>";
		};
		392561C31EC228C100A9E3FF /* 공인중개사 */ = {
			isa = PBXGroup;
			children = (
				392561C51EC2297700A9E3FF /* DC공인중개사.swift */,
				392561C41EC2294E00A9E3FF /* 공인중개사-정답.json */,
			);
			name = "공인중개사";
			sourceTree = "<group>";
		};
		394E08451EBE70C0005A835D /* 변호사시험 민사 */ = {
			isa = PBXGroup;
			children = (
				394E08461EBE70FB005A835D /* DC변호사시험.swift */,
				394E08441EBE70B8005A835D /* 변호사시험 1~6회 민사법 정답.json */,
				394E08481EBE714E005A835D /* 변호사시험-1~6회-민사법.txt */,
			);
			name = "변호사시험 민사";
			sourceTree = "<group>";
		};
		395BF6C61E82BA36004BE198 = {
			isa = PBXGroup;
			children = (
				395BF6D11E82BA36004BE198 /* TestGenerator */,
				395BF6D01E82BA36004BE198 /* Products */,
			);
			sourceTree = "<group>";
		};
		395BF6D01E82BA36004BE198 /* Products */ = {
			isa = PBXGroup;
			children = (
				395BF6CF1E82BA36004BE198 /* TestGenerator */,
			);
			name = Products;
			sourceTree = "<group>";
		};
		395BF6D11E82BA36004BE198 /* TestGenerator */ = {
			isa = PBXGroup;
			children = (
				395BF6D21E82BA36004BE198 /* main.swift */,
				39E7E2B01EBB889E00087D73 /* IO */,
				397631AE1EB6E7A90040CE01 /* TestData */,
				39E7E2AF1EBB274F00087D73 /* DataStructure */,
				39DF734E1EAFB820005AD7D7 /* ProcessingData */,
				3903139D1EB98F7F006FE79A /* MyPlayground.playground */,
			);
			path = TestGenerator;
			sourceTree = "<group>";
		};
		396291AF1EBC41FA00FADC4C /* 5.Test */ = {
			isa = PBXGroup;
			children = (
				392561BF1EC0E79E00A9E3FF /* TestDatabase.swift */,
				39E1DE1C1E82C842006F3DB9 /* TestCategory.swift */,
				392561C11EC0FCA400A9E3FF /* TestSubject.swift */,
				3903139E1EB9BC8B006FE79A /* Test.swift */,
				39E1DE181E82C091006F3DB9 /* Question.swift */,
				396291B41EBC628B00FADC4C /* Statement */,
			);
			name = 5.Test;
			sourceTree = "<group>";
		};
		396291B01EBC422000FADC4C /* 1.Code */ = {
			isa = PBXGroup;
			children = (
				39E1DE141E82BF31006F3DB9 /* Codes.swift */,
			);
			name = 1.Code;
			sourceTree = "<group>";
		};
		396291B11EBC423100FADC4C /* 2.Case */ = {
			isa = PBXGroup;
			children = (
				39E1DE161E82BFEE006F3DB9 /* Cases.swift */,
			);
			name = 2.Case;
			sourceTree = "<group>";
		};
		396291B41EBC628B00FADC4C /* Statement */ = {
			isa = PBXGroup;
			children = (
				39E1DE121E82BE54006F3DB9 /* Statement.swift */,
				396291B21EBC60C300FADC4C /* Selection.swift */,
				396291AD1EBC41CC00FADC4C /* List.swift */,
			);
			name = Statement;
			sourceTree = "<group>";
		};
		397631AE1EB6E7A90040CE01 /* TestData */ = {
			isa = PBXGroup;
			children = (
				397631B21EB6F08D0040CE01 /* DataConverter.swift */,
				394E08491EBEF693005A835D /* Templet.swift */,
				392561BA1EC0BBD700A9E3FF /* DefaultData */,
				392561C31EC228C100A9E3FF /* 공인중개사 */,
				397631AF1EB6E7BC0040CE01 /* 법조윤리 */,
				394E08451EBE70C0005A835D /* 변호사시험 민사 */,
			);
			name = TestData;
			sourceTree = "<group>";
		};
		397631AF1EB6E7BC0040CE01 /* 법조윤리 */ = {
			isa = PBXGroup;
			children = (
				397631B41EB6F4CE0040CE01 /* DC법조윤리.swift */,
				39F2DEF21EBA4F47005F5A30 /* 변호사윤리시험-1회~7회-법조윤리-문제.txt */,
				39F2DEF11EBA4C3C005F5A30 /* 변호사윤리시험-1회~7회-법조윤리-정답.json */,
			);
			name = "법조윤리";
			sourceTree = "<group>";
		};
		39DF734E1EAFB820005AD7D7 /* ProcessingData */ = {
			isa = PBXGroup;
			children = (
				39E7E2AD1EBB263700087D73 /* QShufflingManager.swift */,
				39633DDE1E9B134B00F9FD4D /* QuestionShuffled.swift */,
			);
			name = ProcessingData;
			sourceTree = "<group>";
		};
		39E7E2AF1EBB274F00087D73 /* DataStructure */ = {
			isa = PBXGroup;
			children = (
				397214D61EBD82E800FDCD62 /* DataStructure.swift */,
				39DF734C1EAF4036005AD7D7 /* Note.swift */,
				396291B01EBC422000FADC4C /* 1.Code */,
				396291B11EBC423100FADC4C /* 2.Case */,
				39DF734A1EAF2EFE005AD7D7 /* 3. Keyword.swift */,
				397214D41EBD818800FDCD62 /* 4. Book.swift */,
				396291AF1EBC41FA00FADC4C /* 5.Test */,
			);
			name = DataStructure;
			sourceTree = "<group>";
		};
		39E7E2B01EBB889E00087D73 /* IO */ = {
			isa = PBXGroup;
			children = (
				39E1DE1A1E82C250006F3DB9 /* InputManager.swift */,
				39E7E2B11EBB88E800087D73 /* OutputManager.swift */,
			);
			name = IO;
			sourceTree = "<group>";
		};
/* End PBXGroup section */

/* Begin PBXNativeTarget section */
		395BF6CE1E82BA36004BE198 /* TestGenerator */ = {
			isa = PBXNativeTarget;
			buildConfigurationList = 395BF6D61E82BA36004BE198 /* Build configuration list for PBXNativeTarget "TestGenerator" */;
			buildPhases = (
				395BF6CB1E82BA36004BE198 /* Sources */,
				395BF6CC1E82BA36004BE198 /* Frameworks */,
				395BF6CD1E82BA36004BE198 /* CopyFiles */,
				39E84C031EB7743F00E3790F /* CopyFiles */,
			);
			buildRules = (
			);
			dependencies = (
			);
			name = TestGenerator;
			productName = TestGenerator;
			productReference = 395BF6CF1E82BA36004BE198 /* TestGenerator */;
			productType = "com.apple.product-type.tool";
		};
/* End PBXNativeTarget section */

/* Begin PBXProject section */
		395BF6C71E82BA36004BE198 /* Project object */ = {
			isa = PBXProject;
			attributes = {
				LastSwiftUpdateCheck = 0820;
				LastUpgradeCheck = 0820;
				ORGANIZATIONNAME = MasterBuilder;
				TargetAttributes = {
					395BF6CE1E82BA36004BE198 = {
						CreatedOnToolsVersion = 8.2.1;
						ProvisioningStyle = Automatic;
					};
				};
			};
			buildConfigurationList = 395BF6CA1E82BA36004BE198 /* Build configuration list for PBXProject "TestGenerator" */;
			compatibilityVersion = "Xcode 3.2";
			developmentRegion = English;
			hasScannedForEncodings = 0;
			knownRegions = (
				en,
			);
			mainGroup = 395BF6C61E82BA36004BE198;
			productRefGroup = 395BF6D01E82BA36004BE198 /* Products */;
			projectDirPath = "";
			projectRoot = "";
			targets = (
				395BF6CE1E82BA36004BE198 /* TestGenerator */,
			);
		};
/* End PBXProject section */

/* Begin PBXSourcesBuildPhase section */
		395BF6CB1E82BA36004BE198 /* Sources */ = {
			isa = PBXSourcesBuildPhase;
			buildActionMask = 2147483647;
			files = (
				39E1DE1B1E82C250006F3DB9 /* InputManager.swift in Sources */,
				39E1DE131E82BE54006F3DB9 /* Statement.swift in Sources */,
				394E08471EBE70FB005A835D /* DC변호사시험.swift in Sources */,
				39633DDF1E9B134B00F9FD4D /* QuestionShuffled.swift in Sources */,
				392561C21EC0FCA400A9E3FF /* TestSubject.swift in Sources */,
				39E1DE171E82BFEE006F3DB9 /* Cases.swift in Sources */,
				397631B31EB6F08D0040CE01 /* DataConverter.swift in Sources */,
				392561C01EC0E79E00A9E3FF /* TestDatabase.swift in Sources */,
				39E7E2B21EBB88E800087D73 /* OutputManager.swift in Sources */,
				39E1DE151E82BF31006F3DB9 /* Codes.swift in Sources */,
				394E084A1EBEF693005A835D /* Templet.swift in Sources */,
				392561C61EC2297700A9E3FF /* DC공인중개사.swift in Sources */,
				392561BC1EC0BBF500A9E3FF /* DCDD.swift in Sources */,
				397631B51EB6F4CE0040CE01 /* DC법조윤리.swift in Sources */,
				39DF734D1EAF4036005AD7D7 /* Note.swift in Sources */,
				39E7E2AE1EBB263700087D73 /* QShufflingManager.swift in Sources */,
				397214D51EBD818800FDCD62 /* 4. Book.swift in Sources */,
				39E1DE191E82C091006F3DB9 /* Question.swift in Sources */,
				39E1DE1D1E82C842006F3DB9 /* TestCategory.swift in Sources */,
				39DF734B1EAF2EFE005AD7D7 /* 3. Keyword.swift in Sources */,
				396291B31EBC60C300FADC4C /* Selection.swift in Sources */,
				395BF6D31E82BA36004BE198 /* main.swift in Sources */,
				397214D71EBD82E800FDCD62 /* DataStructure.swift in Sources */,
				396291AE1EBC41CC00FADC4C /* List.swift in Sources */,
				3903139F1EB9BC8B006FE79A /* Test.swift in Sources */,
			);
			runOnlyForDeploymentPostprocessing = 0;
		};
/* End PBXSourcesBuildPhase section */

/* Begin XCBuildConfiguration section */
		395BF6D41E82BA36004BE198 /* Debug */ = {
			isa = XCBuildConfiguration;
			buildSettings = {
				ALWAYS_SEARCH_USER_PATHS = NO;
				CLANG_ANALYZER_NONNULL = YES;
				CLANG_CXX_LANGUAGE_STANDARD = "gnu++0x";
				CLANG_CXX_LIBRARY = "libc++";
				CLANG_ENABLE_MODULES = YES;
				CLANG_ENABLE_OBJC_ARC = YES;
				CLANG_WARN_BOOL_CONVERSION = YES;
				CLANG_WARN_CONSTANT_CONVERSION = YES;
				CLANG_WARN_DIRECT_OBJC_ISA_USAGE = YES_ERROR;
				CLANG_WARN_DOCUMENTATION_COMMENTS = YES;
				CLANG_WARN_EMPTY_BODY = YES;
				CLANG_WARN_ENUM_CONVERSION = YES;
				CLANG_WARN_INFINITE_RECURSION = YES;
				CLANG_WARN_INT_CONVERSION = YES;
				CLANG_WARN_OBJC_ROOT_CLASS = YES_ERROR;
				CLANG_WARN_SUSPICIOUS_MOVE = YES;
				CLANG_WARN_UNREACHABLE_CODE = YES;
				CLANG_WARN__DUPLICATE_METHOD_MATCH = YES;
				CODE_SIGN_IDENTITY = "-";
				COPY_PHASE_STRIP = NO;
				DEBUG_INFORMATION_FORMAT = dwarf;
				ENABLE_STRICT_OBJC_MSGSEND = YES;
				ENABLE_TESTABILITY = YES;
				GCC_C_LANGUAGE_STANDARD = gnu99;
				GCC_DYNAMIC_NO_PIC = NO;
				GCC_NO_COMMON_BLOCKS = YES;
				GCC_OPTIMIZATION_LEVEL = 0;
				GCC_PREPROCESSOR_DEFINITIONS = (
					"DEBUG=1",
					"$(inherited)",
				);
				GCC_WARN_64_TO_32_BIT_CONVERSION = YES;
				GCC_WARN_ABOUT_RETURN_TYPE = YES_ERROR;
				GCC_WARN_UNDECLARED_SELECTOR = YES;
				GCC_WARN_UNINITIALIZED_AUTOS = YES_AGGRESSIVE;
				GCC_WARN_UNUSED_FUNCTION = YES;
				GCC_WARN_UNUSED_VARIABLE = YES;
				MACOSX_DEPLOYMENT_TARGET = 10.12;
				MTL_ENABLE_DEBUG_INFO = YES;
				ONLY_ACTIVE_ARCH = YES;
				SDKROOT = macosx;
				SWIFT_OPTIMIZATION_LEVEL = "-Onone";
			};
			name = Debug;
		};
		395BF6D51E82BA36004BE198 /* Release */ = {
			isa = XCBuildConfiguration;
			buildSettings = {
				ALWAYS_SEARCH_USER_PATHS = NO;
				CLANG_ANALYZER_NONNULL = YES;
				CLANG_CXX_LANGUAGE_STANDARD = "gnu++0x";
				CLANG_CXX_LIBRARY = "libc++";
				CLANG_ENABLE_MODULES = YES;
				CLANG_ENABLE_OBJC_ARC = YES;
				CLANG_WARN_BOOL_CONVERSION = YES;
				CLANG_WARN_CONSTANT_CONVERSION = YES;
				CLANG_WARN_DIRECT_OBJC_ISA_USAGE = YES_ERROR;
				CLANG_WARN_DOCUMENTATION_COMMENTS = YES;
				CLANG_WARN_EMPTY_BODY = YES;
				CLANG_WARN_ENUM_CONVERSION = YES;
				CLANG_WARN_INFINITE_RECURSION = YES;
				CLANG_WARN_INT_CONVERSION = YES;
				CLANG_WARN_OBJC_ROOT_CLASS = YES_ERROR;
				CLANG_WARN_SUSPICIOUS_MOVE = YES;
				CLANG_WARN_UNREACHABLE_CODE = YES;
				CLANG_WARN__DUPLICATE_METHOD_MATCH = YES;
				CODE_SIGN_IDENTITY = "-";
				COPY_PHASE_STRIP = NO;
				DEBUG_INFORMATION_FORMAT = "dwarf-with-dsym";
				ENABLE_NS_ASSERTIONS = NO;
				ENABLE_STRICT_OBJC_MSGSEND = YES;
				GCC_C_LANGUAGE_STANDARD = gnu99;
				GCC_NO_COMMON_BLOCKS = YES;
				GCC_WARN_64_TO_32_BIT_CONVERSION = YES;
				GCC_WARN_ABOUT_RETURN_TYPE = YES_ERROR;
				GCC_WARN_UNDECLARED_SELECTOR = YES;
				GCC_WARN_UNINITIALIZED_AUTOS = YES_AGGRESSIVE;
				GCC_WARN_UNUSED_FUNCTION = YES;
				GCC_WARN_UNUSED_VARIABLE = YES;
				MACOSX_DEPLOYMENT_TARGET = 10.12;
				MTL_ENABLE_DEBUG_INFO = NO;
				SDKROOT = macosx;
			};
			name = Release;
		};
		395BF6D71E82BA36004BE198 /* Debug */ = {
			isa = XCBuildConfiguration;
			buildSettings = {
				PRODUCT_NAME = "$(TARGET_NAME)";
				SWIFT_VERSION = 3.0;
			};
			name = Debug;
		};
		395BF6D81E82BA36004BE198 /* Release */ = {
			isa = XCBuildConfiguration;
			buildSettings = {
				PRODUCT_NAME = "$(TARGET_NAME)";
				SWIFT_VERSION = 3.0;
			};
			name = Release;
		};
/* End XCBuildConfiguration section */

/* Begin XCConfigurationList section */
		395BF6CA1E82BA36004BE198 /* Build configuration list for PBXProject "TestGenerator" */ = {
			isa = XCConfigurationList;
			buildConfigurations = (
				395BF6D41E82BA36004BE198 /* Debug */,
				395BF6D51E82BA36004BE198 /* Release */,
			);
			defaultConfigurationIsVisible = 0;
			defaultConfigurationName = Release;
		};
		395BF6D61E82BA36004BE198 /* Build configuration list for PBXNativeTarget "TestGenerator" */ = {
			isa = XCConfigurationList;
			buildConfigurations = (
				395BF6D71E82BA36004BE198 /* Debug */,
				395BF6D81E82BA36004BE198 /* Release */,
			);
			defaultConfigurationIsVisible = 0;
			defaultConfigurationName = Release;
		};
/* End XCConfigurationList section */
	};
	rootObject = 395BF6C71E82BA36004BE198 /* Project object */;
}
