// !$*UTF8*$!
{
	archiveVersion = 1;
	classes = {
	};
	objectVersion = 53;
	objects = {

/* Begin PBXBuildFile section */
		3903139F1EB9BC8B006FE79A /* Test.swift in Sources */ = {isa = PBXBuildFile; fileRef = 3903139E1EB9BC8B006FE79A /* Test.swift */; };
		39071A621EDA4C620038E5CB /* DC변호사시험-6회 민법 수정.swift in Sources */ = {isa = PBXBuildFile; fileRef = 39071A611EDA4C620038E5CB /* DC변호사시험-6회 민법 수정.swift */; };
		392561BC1EC0BBF500A9E3FF /* DCDD.swift in Sources */ = {isa = PBXBuildFile; fileRef = 392561BB1EC0BBF500A9E3FF /* DCDD.swift */; };
		392561C01EC0E79E00A9E3FF /* TestDatabase.swift in Sources */ = {isa = PBXBuildFile; fileRef = 392561BF1EC0E79E00A9E3FF /* TestDatabase.swift */; };
		392561C21EC0FCA400A9E3FF /* TestSubject.swift in Sources */ = {isa = PBXBuildFile; fileRef = 392561C11EC0FCA400A9E3FF /* TestSubject.swift */; };
		392561C61EC2297700A9E3FF /* DC공인중개사.swift in Sources */ = {isa = PBXBuildFile; fileRef = 392561C51EC2297700A9E3FF /* DC공인중개사.swift */; };
		392561CA1EC31CF000A9E3FF /* Instruction.swift in Sources */ = {isa = PBXBuildFile; fileRef = 392561C91EC31CF000A9E3FF /* Instruction.swift */; };
		3937BBB91EDF1B4A00AFA704 /* TestDatabaseResource.swift in Sources */ = {isa = PBXBuildFile; fileRef = 3937BBB81EDF1B4A00AFA704 /* TestDatabaseResource.swift */; };
		3943C5E01FE4162B003606D5 /* OXer.swift in Sources */ = {isa = PBXBuildFile; fileRef = 3943C5DF1FE4162B003606D5 /* OXer.swift */; };
		394E08471EBE70FB005A835D /* DC변호사시험.swift in Sources */ = {isa = PBXBuildFile; fileRef = 394E08461EBE70FB005A835D /* DC변호사시험.swift */; };
		395BF6D31E82BA36004BE198 /* main.swift in Sources */ = {isa = PBXBuildFile; fileRef = 395BF6D21E82BA36004BE198 /* main.swift */; };
		396291AE1EBC41CC00FADC4C /* ListSelection.swift in Sources */ = {isa = PBXBuildFile; fileRef = 396291AD1EBC41CC00FADC4C /* ListSelection.swift */; };
		396291B31EBC60C300FADC4C /* Selection.swift in Sources */ = {isa = PBXBuildFile; fileRef = 396291B21EBC60C300FADC4C /* Selection.swift */; };
		39633DDF1E9B134B00F9FD4D /* Solver.swift in Sources */ = {isa = PBXBuildFile; fileRef = 39633DDE1E9B134B00F9FD4D /* Solver.swift */; };
		3964D7791ED40AE80089E9BB /* InstManagerQuestion.swift in Sources */ = {isa = PBXBuildFile; fileRef = 3964D7781ED40AE80089E9BB /* InstManagerQuestion.swift */; };
		397214D51EBD818800FDCD62 /* BookStructure.swift in Sources */ = {isa = PBXBuildFile; fileRef = 397214D41EBD818800FDCD62 /* BookStructure.swift */; };
		397214D71EBD82E800FDCD62 /* DataStructure.swift in Sources */ = {isa = PBXBuildFile; fileRef = 397214D61EBD82E800FDCD62 /* DataStructure.swift */; };
		397631B31EB6F08D0040CE01 /* DataConverter.swift in Sources */ = {isa = PBXBuildFile; fileRef = 397631B21EB6F08D0040CE01 /* DataConverter.swift */; };
		397631B51EB6F4CE0040CE01 /* DC법조윤리.swift in Sources */ = {isa = PBXBuildFile; fileRef = 397631B41EB6F4CE0040CE01 /* DC법조윤리.swift */; };
		39971B4A1EF9DFE700D67091 /* DC변호사시험헌법OX.swift in Sources */ = {isa = PBXBuildFile; fileRef = 39971B491EF9DFE700D67091 /* DC변호사시험헌법OX.swift */; };
		39AD188A1EE6FD01008F72D4 /* Book.swift in Sources */ = {isa = PBXBuildFile; fileRef = 39AD18891EE6FD01008F72D4 /* Book.swift */; };
		39AD188C1EE6FDE1008F72D4 /* Division.swift in Sources */ = {isa = PBXBuildFile; fileRef = 39AD188B1EE6FDE1008F72D4 /* Division.swift */; };
		39AD188E1EE6FDF2008F72D4 /* Chapter.swift in Sources */ = {isa = PBXBuildFile; fileRef = 39AD188D1EE6FDF2008F72D4 /* Chapter.swift */; };
		39AD18901EE6FDFB008F72D4 /* Title.swift in Sources */ = {isa = PBXBuildFile; fileRef = 39AD188F1EE6FDFB008F72D4 /* Title.swift */; };
		39AD18921EE6FF66008F72D4 /* Books.swift in Sources */ = {isa = PBXBuildFile; fileRef = 39AD18911EE6FF66008F72D4 /* Books.swift */; };
		39AD18941EE70206008F72D4 /* Roman.swift in Sources */ = {isa = PBXBuildFile; fileRef = 39AD18931EE70206008F72D4 /* Roman.swift */; };
		39AD18961EE7052A008F72D4 /* SeqNumber.swift in Sources */ = {isa = PBXBuildFile; fileRef = 39AD18951EE7052A008F72D4 /* SeqNumber.swift */; };
		39AD18981EE705FC008F72D4 /* DoubleBracket.swift in Sources */ = {isa = PBXBuildFile; fileRef = 39AD18971EE705FC008F72D4 /* DoubleBracket.swift */; };
		39AD189A1EE70671008F72D4 /* SingleBracket.swift in Sources */ = {isa = PBXBuildFile; fileRef = 39AD18991EE70671008F72D4 /* SingleBracket.swift */; };
		39AD189C1EE706E4008F72D4 /* SeqRoundNumber.swift in Sources */ = {isa = PBXBuildFile; fileRef = 39AD189B1EE706E4008F72D4 /* SeqRoundNumber.swift */; };
		39AD189E1EE707C1008F72D4 /* RoundLetter.swift in Sources */ = {isa = PBXBuildFile; fileRef = 39AD189D1EE707C1008F72D4 /* RoundLetter.swift */; };
		39AD18A01EE728EF008F72D4 /* SmallRoman.swift in Sources */ = {isa = PBXBuildFile; fileRef = 39AD189F1EE728EF008F72D4 /* SmallRoman.swift */; };
		39C9336F1EE1A1CD004A5FC7 /* DC사법시험.swift in Sources */ = {isa = PBXBuildFile; fileRef = 39C9336E1EE1A1CD004A5FC7 /* DC사법시험.swift */; };
		39CFAE1B1ECDDF00008C775D /* ConsoleIO.swift in Sources */ = {isa = PBXBuildFile; fileRef = 39CFAE1A1ECDDF00008C775D /* ConsoleIO.swift */; };
		39D7AF1C1ED4502500973EFF /* InstManagerQuestionsGet.swift in Sources */ = {isa = PBXBuildFile; fileRef = 39D7AF1B1ED4502500973EFF /* InstManagerQuestionsGet.swift */; };
		39D7AF1E1ED453F100973EFF /* InstManagerQuestionEdit.swift in Sources */ = {isa = PBXBuildFile; fileRef = 39D7AF1D1ED453F100973EFF /* InstManagerQuestionEdit.swift */; };
		39DF734B1EAF2EFE005AD7D7 /* 3. Keyword.swift in Sources */ = {isa = PBXBuildFile; fileRef = 39DF734A1EAF2EFE005AD7D7 /* 3. Keyword.swift */; };
		39DF734D1EAF4036005AD7D7 /* Note.swift in Sources */ = {isa = PBXBuildFile; fileRef = 39DF734C1EAF4036005AD7D7 /* Note.swift */; };
		39E1DE131E82BE54006F3DB9 /* Statement.swift in Sources */ = {isa = PBXBuildFile; fileRef = 39E1DE121E82BE54006F3DB9 /* Statement.swift */; };
		39E1DE151E82BF31006F3DB9 /* Codes.swift in Sources */ = {isa = PBXBuildFile; fileRef = 39E1DE141E82BF31006F3DB9 /* Codes.swift */; };
		39E1DE171E82BFEE006F3DB9 /* Cases.swift in Sources */ = {isa = PBXBuildFile; fileRef = 39E1DE161E82BFEE006F3DB9 /* Cases.swift */; };
		39E1DE191E82C091006F3DB9 /* Question.swift in Sources */ = {isa = PBXBuildFile; fileRef = 39E1DE181E82C091006F3DB9 /* Question.swift */; };
		39E1DE1B1E82C250006F3DB9 /* InstManagerMain.swift in Sources */ = {isa = PBXBuildFile; fileRef = 39E1DE1A1E82C250006F3DB9 /* InstManagerMain.swift */; };
		39E1DE1D1E82C842006F3DB9 /* TestCategory.swift in Sources */ = {isa = PBXBuildFile; fileRef = 39E1DE1C1E82C842006F3DB9 /* TestCategory.swift */; };
		39E775951ECA221C00F17DA7 /* DataConverterData.swift in Sources */ = {isa = PBXBuildFile; fileRef = 39E775941ECA221C00F17DA7 /* DataConverterData.swift */; };
		39E775981ECB23AF00F17DA7 /* StorageManager.swift in Sources */ = {isa = PBXBuildFile; fileRef = 39E775971ECB23AF00F17DA7 /* StorageManager.swift */; };
		39E7E2AE1EBB263700087D73 /* Generator.swift in Sources */ = {isa = PBXBuildFile; fileRef = 39E7E2AD1EBB263700087D73 /* Generator.swift */; };
		39E7E2B21EBB88E800087D73 /* OutputManager.swift in Sources */ = {isa = PBXBuildFile; fileRef = 39E7E2B11EBB88E800087D73 /* OutputManager.swift */; };
		9B19B0E22A40DC2F00766453 /* GeneratorView.swift in Sources */ = {isa = PBXBuildFile; fileRef = 9B19B0E12A40DC2F00766453 /* GeneratorView.swift */; };
		9B35A04B2A58705300C5A838 /* Question+Essential.swift in Sources */ = {isa = PBXBuildFile; fileRef = 9B35A04A2A58705300C5A838 /* Question+Essential.swift */; };
		9B35A04C2A5870E800C5A838 /* Question+Essential.swift in Sources */ = {isa = PBXBuildFile; fileRef = 9B35A04A2A58705300C5A838 /* Question+Essential.swift */; };
		9B35A04E2A58731100C5A838 /* DataConverter+Essential.swift in Sources */ = {isa = PBXBuildFile; fileRef = 9B35A04D2A58731100C5A838 /* DataConverter+Essential.swift */; };
		9B35A0502A58733600C5A838 /* DataConverter+Extension.swift in Sources */ = {isa = PBXBuildFile; fileRef = 9B35A04F2A58733600C5A838 /* DataConverter+Extension.swift */; };
		9B35A0572A5875E300C5A838 /* Templet.swift in Sources */ = {isa = PBXBuildFile; fileRef = 9B35A0562A5875E300C5A838 /* Templet.swift */; };
		9B35A0582A5875E300C5A838 /* Templet.swift in Sources */ = {isa = PBXBuildFile; fileRef = 9B35A0562A5875E300C5A838 /* Templet.swift */; };
		9B41E9E42A377B4300DE389F /* LawDiOSApp.swift in Sources */ = {isa = PBXBuildFile; fileRef = 9B41E9E32A377B4300DE389F /* LawDiOSApp.swift */; };
		9B41E9E62A377B4300DE389F /* ContentView.swift in Sources */ = {isa = PBXBuildFile; fileRef = 9B41E9E52A377B4300DE389F /* ContentView.swift */; };
		9B41E9E82A377B4400DE389F /* Assets.xcassets in Resources */ = {isa = PBXBuildFile; fileRef = 9B41E9E72A377B4400DE389F /* Assets.xcassets */; };
		9B41E9EB2A377B4400DE389F /* Preview Assets.xcassets in Resources */ = {isa = PBXBuildFile; fileRef = 9B41E9EA2A377B4400DE389F /* Preview Assets.xcassets */; };
		9B41E9F52A377B4400DE389F /* TestGeneratorIOSTests.swift in Sources */ = {isa = PBXBuildFile; fileRef = 9B41E9F42A377B4400DE389F /* TestGeneratorIOSTests.swift */; };
		9B41E9FF2A377B4400DE389F /* TestGeneratorIOSUITests.swift in Sources */ = {isa = PBXBuildFile; fileRef = 9B41E9FE2A377B4400DE389F /* TestGeneratorIOSUITests.swift */; };
		9B41EA012A377B4400DE389F /* TestGeneratorIOSUITestsLaunchTests.swift in Sources */ = {isa = PBXBuildFile; fileRef = 9B41EA002A377B4400DE389F /* TestGeneratorIOSUITestsLaunchTests.swift */; };
		9B41EA0B2A37832800DE389F /* Instruction.swift in Sources */ = {isa = PBXBuildFile; fileRef = 392561C91EC31CF000A9E3FF /* Instruction.swift */; };
		9B41EA0C2A37832900DE389F /* ConsoleIO.swift in Sources */ = {isa = PBXBuildFile; fileRef = 39CFAE1A1ECDDF00008C775D /* ConsoleIO.swift */; };
		9B41EA112A37832900DE389F /* OutputManager.swift in Sources */ = {isa = PBXBuildFile; fileRef = 39E7E2B11EBB88E800087D73 /* OutputManager.swift */; };
		9B41EA122A37832900DE389F /* DataConverter.swift in Sources */ = {isa = PBXBuildFile; fileRef = 397631B21EB6F08D0040CE01 /* DataConverter.swift */; };
		9B41EA132A37832900DE389F /* DataConverterData.swift in Sources */ = {isa = PBXBuildFile; fileRef = 39E775941ECA221C00F17DA7 /* DataConverterData.swift */; };
		9B41EA372A37832900DE389F /* StorageManager.swift in Sources */ = {isa = PBXBuildFile; fileRef = 39E775971ECB23AF00F17DA7 /* StorageManager.swift */; };
		9B41EA382A37832900DE389F /* DataStructure.swift in Sources */ = {isa = PBXBuildFile; fileRef = 397214D61EBD82E800FDCD62 /* DataStructure.swift */; };
		9B41EA392A37832900DE389F /* Note.swift in Sources */ = {isa = PBXBuildFile; fileRef = 39DF734C1EAF4036005AD7D7 /* Note.swift */; };
		9B41EA3A2A37832900DE389F /* Codes.swift in Sources */ = {isa = PBXBuildFile; fileRef = 39E1DE141E82BF31006F3DB9 /* Codes.swift */; };
		9B41EA3B2A37832900DE389F /* Cases.swift in Sources */ = {isa = PBXBuildFile; fileRef = 39E1DE161E82BFEE006F3DB9 /* Cases.swift */; };
		9B41EA3C2A37832900DE389F /* 3. Keyword.swift in Sources */ = {isa = PBXBuildFile; fileRef = 39DF734A1EAF2EFE005AD7D7 /* 3. Keyword.swift */; };
		9B41EA3D2A37832900DE389F /* BookStructure.swift in Sources */ = {isa = PBXBuildFile; fileRef = 397214D41EBD818800FDCD62 /* BookStructure.swift */; };
		9B41EA3E2A37832900DE389F /* Books.swift in Sources */ = {isa = PBXBuildFile; fileRef = 39AD18911EE6FF66008F72D4 /* Books.swift */; };
		9B41EA3F2A37832900DE389F /* Book.swift in Sources */ = {isa = PBXBuildFile; fileRef = 39AD18891EE6FD01008F72D4 /* Book.swift */; };
		9B41EA402A37832900DE389F /* Division.swift in Sources */ = {isa = PBXBuildFile; fileRef = 39AD188B1EE6FDE1008F72D4 /* Division.swift */; };
		9B41EA412A37832900DE389F /* Chapter.swift in Sources */ = {isa = PBXBuildFile; fileRef = 39AD188D1EE6FDF2008F72D4 /* Chapter.swift */; };
		9B41EA422A37832900DE389F /* Title.swift in Sources */ = {isa = PBXBuildFile; fileRef = 39AD188F1EE6FDFB008F72D4 /* Title.swift */; };
		9B41EA432A37832900DE389F /* Roman.swift in Sources */ = {isa = PBXBuildFile; fileRef = 39AD18931EE70206008F72D4 /* Roman.swift */; };
		9B41EA442A37832900DE389F /* SeqNumber.swift in Sources */ = {isa = PBXBuildFile; fileRef = 39AD18951EE7052A008F72D4 /* SeqNumber.swift */; };
		9B41EA452A37832900DE389F /* DoubleBracket.swift in Sources */ = {isa = PBXBuildFile; fileRef = 39AD18971EE705FC008F72D4 /* DoubleBracket.swift */; };
		9B41EA462A37832900DE389F /* SingleBracket.swift in Sources */ = {isa = PBXBuildFile; fileRef = 39AD18991EE70671008F72D4 /* SingleBracket.swift */; };
		9B41EA472A37832900DE389F /* SeqRoundNumber.swift in Sources */ = {isa = PBXBuildFile; fileRef = 39AD189B1EE706E4008F72D4 /* SeqRoundNumber.swift */; };
		9B41EA482A37832900DE389F /* RoundLetter.swift in Sources */ = {isa = PBXBuildFile; fileRef = 39AD189D1EE707C1008F72D4 /* RoundLetter.swift */; };
		9B41EA492A37832900DE389F /* SmallRoman.swift in Sources */ = {isa = PBXBuildFile; fileRef = 39AD189F1EE728EF008F72D4 /* SmallRoman.swift */; };
		9B41EA4A2A37832900DE389F /* TestDatabase.swift in Sources */ = {isa = PBXBuildFile; fileRef = 392561BF1EC0E79E00A9E3FF /* TestDatabase.swift */; };
		9B41EA4B2A37832900DE389F /* TestDatabaseResource.swift in Sources */ = {isa = PBXBuildFile; fileRef = 3937BBB81EDF1B4A00AFA704 /* TestDatabaseResource.swift */; };
		9B41EA4C2A37832900DE389F /* TestCategory.swift in Sources */ = {isa = PBXBuildFile; fileRef = 39E1DE1C1E82C842006F3DB9 /* TestCategory.swift */; };
		9B41EA4D2A37832900DE389F /* TestSubject.swift in Sources */ = {isa = PBXBuildFile; fileRef = 392561C11EC0FCA400A9E3FF /* TestSubject.swift */; };
		9B41EA4E2A37832900DE389F /* Test.swift in Sources */ = {isa = PBXBuildFile; fileRef = 3903139E1EB9BC8B006FE79A /* Test.swift */; };
		9B41EA4F2A37832900DE389F /* Question.swift in Sources */ = {isa = PBXBuildFile; fileRef = 39E1DE181E82C091006F3DB9 /* Question.swift */; };
		9B41EA502A37832900DE389F /* Statement.swift in Sources */ = {isa = PBXBuildFile; fileRef = 39E1DE121E82BE54006F3DB9 /* Statement.swift */; };
		9B41EA512A37832900DE389F /* Selection.swift in Sources */ = {isa = PBXBuildFile; fileRef = 396291B21EBC60C300FADC4C /* Selection.swift */; };
		9B41EA522A37832900DE389F /* ListSelection.swift in Sources */ = {isa = PBXBuildFile; fileRef = 396291AD1EBC41CC00FADC4C /* ListSelection.swift */; };
		9B41EA532A37832900DE389F /* Generator.swift in Sources */ = {isa = PBXBuildFile; fileRef = 39E7E2AD1EBB263700087D73 /* Generator.swift */; };
		9B41EA542A37832900DE389F /* Solver.swift in Sources */ = {isa = PBXBuildFile; fileRef = 39633DDE1E9B134B00F9FD4D /* Solver.swift */; };
		9B41EA552A37832900DE389F /* OXer.swift in Sources */ = {isa = PBXBuildFile; fileRef = 3943C5DF1FE4162B003606D5 /* OXer.swift */; };
		9B4FA2D72A435AD60006F173 /* HistoryContentView.swift in Sources */ = {isa = PBXBuildFile; fileRef = 9B4FA2D62A435AD60006F173 /* HistoryContentView.swift */; };
		9B4FA2DA2A435C6E0006F173 /* GenerateHistory.swift in Sources */ = {isa = PBXBuildFile; fileRef = 9B4FA2D92A435C6E0006F173 /* GenerateHistory.swift */; };
		9B4FA2DB2A435C6E0006F173 /* GenerateHistory.swift in Sources */ = {isa = PBXBuildFile; fileRef = 9B4FA2D92A435C6E0006F173 /* GenerateHistory.swift */; };
		9B5F98CB2A3CC03900CE08DC /* Solver+Publish.swift in Sources */ = {isa = PBXBuildFile; fileRef = 9B5F98CA2A3CC03900CE08DC /* Solver+Publish.swift */; };
		9B5F98CE2A3CC56700CE08DC /* Solver+Extension.swift in Sources */ = {isa = PBXBuildFile; fileRef = 9B5F98CD2A3CC56700CE08DC /* Solver+Extension.swift */; };
		9B5F98CF2A3CC56700CE08DC /* Solver+Extension.swift in Sources */ = {isa = PBXBuildFile; fileRef = 9B5F98CD2A3CC56700CE08DC /* Solver+Extension.swift */; };
		9B5F98D12A3CC7CA00CE08DC /* Solver+Essential.swift in Sources */ = {isa = PBXBuildFile; fileRef = 9B5F98D02A3CC7CA00CE08DC /* Solver+Essential.swift */; };
		9B5F98D22A3CC7CA00CE08DC /* Solver+Essential.swift in Sources */ = {isa = PBXBuildFile; fileRef = 9B5F98D02A3CC7CA00CE08DC /* Solver+Essential.swift */; };
		9B5F98D72A3CD2E500CE08DC /* SolverView.swift in Sources */ = {isa = PBXBuildFile; fileRef = 9B5F98D62A3CD2E500CE08DC /* SolverView.swift */; };
		9B5F98DB2A3CE53900CE08DC /* TestsView.swift in Sources */ = {isa = PBXBuildFile; fileRef = 9B5F98DA2A3CE53900CE08DC /* TestsView.swift */; };
		9B6C0E4B2A45F3B2003EC10B /* SolverOneByOneView.swift in Sources */ = {isa = PBXBuildFile; fileRef = 9B6C0E4A2A45F3B2003EC10B /* SolverOneByOneView.swift */; };
		9B6C0E4F2A462915003EC10B /* SetUP.swift in Sources */ = {isa = PBXBuildFile; fileRef = 9B6C0E4E2A462915003EC10B /* SetUP.swift */; };
		9B6C0E512A473F62003EC10B /* ListSelectionView.swift in Sources */ = {isa = PBXBuildFile; fileRef = 9B6C0E502A473F62003EC10B /* ListSelectionView.swift */; };
		9B6F4DF02A3C101700908F9E /* SelectionView.swift in Sources */ = {isa = PBXBuildFile; fileRef = 9B6F4DEF2A3C101700908F9E /* SelectionView.swift */; };
		9B93524F2A44A51300EF2EFB /* GeneratorViewModeEnum.swift in Sources */ = {isa = PBXBuildFile; fileRef = 9B93524E2A44A51300EF2EFB /* GeneratorViewModeEnum.swift */; };
		9B9352512A44AF4200EF2EFB /* SolversListView.swift in Sources */ = {isa = PBXBuildFile; fileRef = 9B9352502A44AF4200EF2EFB /* SolversListView.swift */; };
		9BA0EA1C2A40B538004C5BBB /* CategoryView.swift in Sources */ = {isa = PBXBuildFile; fileRef = 9BA0EA1B2A40B538004C5BBB /* CategoryView.swift */; };
		9BA6AD952AB9253A00B06D36 /* QuestionData.swift in Sources */ = {isa = PBXBuildFile; fileRef = 9BA6AD942AB9253A00B06D36 /* QuestionData.swift */; };
		9BA6AD962AB9253A00B06D36 /* QuestionData.swift in Sources */ = {isa = PBXBuildFile; fileRef = 9BA6AD942AB9253A00B06D36 /* QuestionData.swift */; };
		9BA6AD9B2AB9520700B06D36 /* QuestionData+Backend.swift in Sources */ = {isa = PBXBuildFile; fileRef = 9BA6AD9A2AB9520700B06D36 /* QuestionData+Backend.swift */; };
		9BA6AD9C2AB9520700B06D36 /* QuestionData+Backend.swift in Sources */ = {isa = PBXBuildFile; fileRef = 9BA6AD9A2AB9520700B06D36 /* QuestionData+Backend.swift */; };
		9BA6AD9E2AB954B900B06D36 /* mainEXE.swift in Sources */ = {isa = PBXBuildFile; fileRef = 9BA6AD9D2AB954B900B06D36 /* mainEXE.swift */; };
		9BB1A79B2AAAB4F600AA5539 /* WhatsNewView.swift in Sources */ = {isa = PBXBuildFile; fileRef = 9BB1A79A2AAAB4F600AA5539 /* WhatsNewView.swift */; };
		9BB1A79D2AAABCA200AA5539 /* MemoInputView.swift in Sources */ = {isa = PBXBuildFile; fileRef = 9BB1A79C2AAABCA200AA5539 /* MemoInputView.swift */; };
		9BC35E3C2AAFF26600D69ED6 /* StorageManager+Essential.swift in Sources */ = {isa = PBXBuildFile; fileRef = 9BC35E3B2AAFF26600D69ED6 /* StorageManager+Essential.swift */; };
		9BC35E3D2AAFF26600D69ED6 /* StorageManager+Essential.swift in Sources */ = {isa = PBXBuildFile; fileRef = 9BC35E3B2AAFF26600D69ED6 /* StorageManager+Essential.swift */; };
		9BC35E3F2AAFF89100D69ED6 /* Test+Backend.swift in Sources */ = {isa = PBXBuildFile; fileRef = 9BC35E3E2AAFF89100D69ED6 /* Test+Backend.swift */; };
		9BC35E402AAFF89100D69ED6 /* Test+Backend.swift in Sources */ = {isa = PBXBuildFile; fileRef = 9BC35E3E2AAFF89100D69ED6 /* Test+Backend.swift */; };
		9BC35E422AAFF8E600D69ED6 /* Genrator+Backend.swift in Sources */ = {isa = PBXBuildFile; fileRef = 9BC35E412AAFF8E600D69ED6 /* Genrator+Backend.swift */; };
		9BC35E432AAFF8E600D69ED6 /* Genrator+Backend.swift in Sources */ = {isa = PBXBuildFile; fileRef = 9BC35E412AAFF8E600D69ED6 /* Genrator+Backend.swift */; };
		9BED4F672AB1D8B6002D483D /* Question+Backend.swift in Sources */ = {isa = PBXBuildFile; fileRef = 9BED4F662AB1D8B6002D483D /* Question+Backend.swift */; };
		9BED4F682AB1D8B6002D483D /* Question+Backend.swift in Sources */ = {isa = PBXBuildFile; fileRef = 9BED4F662AB1D8B6002D483D /* Question+Backend.swift */; };
		9BFA60292A3F742F0027627B /* ResultPopoverView.swift in Sources */ = {isa = PBXBuildFile; fileRef = 9BFA60282A3F742F0027627B /* ResultPopoverView.swift */; };
		9BFA602D2A3FF93F0027627B /* TestStartPopupView.swift in Sources */ = {isa = PBXBuildFile; fileRef = 9BFA602C2A3FF93F0027627B /* TestStartPopupView.swift */; };
/* End PBXBuildFile section */

/* Begin PBXContainerItemProxy section */
		9B41E9F12A377B4400DE389F /* PBXContainerItemProxy */ = {
			isa = PBXContainerItemProxy;
			containerPortal = 395BF6C71E82BA36004BE198 /* Project object */;
			proxyType = 1;
			remoteGlobalIDString = 9B41E9E02A377B4300DE389F;
			remoteInfo = TestGeneratorIOS;
		};
		9B41E9FB2A377B4400DE389F /* PBXContainerItemProxy */ = {
			isa = PBXContainerItemProxy;
			containerPortal = 395BF6C71E82BA36004BE198 /* Project object */;
			proxyType = 1;
			remoteGlobalIDString = 9B41E9E02A377B4300DE389F;
			remoteInfo = TestGeneratorIOS;
		};
/* End PBXContainerItemProxy section */

/* Begin PBXCopyFilesBuildPhase section */
		395BF6CD1E82BA36004BE198 /* CopyFiles */ = {
			isa = PBXCopyFilesBuildPhase;
			buildActionMask = 2147483647;
			dstPath = /usr/share/man/man1/;
			dstSubfolderSpec = 0;
			files = (
			);
			runOnlyForDeploymentPostprocessing = 1;
		};
		39E84C031EB7743F00E3790F /* CopyFiles */ = {
			isa = PBXCopyFilesBuildPhase;
			buildActionMask = 2147483647;
			dstPath = "";
			dstSubfolderSpec = 7;
			files = (
			);
			runOnlyForDeploymentPostprocessing = 0;
		};
/* End PBXCopyFilesBuildPhase section */

/* Begin PBXFileReference section */
		3903139D1EB98F7F006FE79A /* MyPlayground.playground */ = {isa = PBXFileReference; lastKnownFileType = file.playground; path = MyPlayground.playground; sourceTree = "<group>"; xcLanguageSpecificationIdentifier = xcode.lang.swift; };
		3903139E1EB9BC8B006FE79A /* Test.swift */ = {isa = PBXFileReference; fileEncoding = 4; lastKnownFileType = sourcecode.swift; path = Test.swift; sourceTree = "<group>"; };
		39071A611EDA4C620038E5CB /* DC변호사시험-6회 민법 수정.swift */ = {isa = PBXFileReference; fileEncoding = 4; lastKnownFileType = sourcecode.swift; path = "DC변호사시험-6회 민법 수정.swift"; sourceTree = "<group>"; };
		39071A631EDA4D0B0038E5CB /* 변호사시험=6회=민법-정답.json */ = {isa = PBXFileReference; fileEncoding = 4; lastKnownFileType = text.json; path = "변호사시험=6회=민법-정답.json"; sourceTree = "<group>"; };
		392561BB1EC0BBF500A9E3FF /* DCDD.swift */ = {isa = PBXFileReference; fileEncoding = 4; lastKnownFileType = sourcecode.swift; path = DCDD.swift; sourceTree = "<group>"; };
		392561BF1EC0E79E00A9E3FF /* TestDatabase.swift */ = {isa = PBXFileReference; fileEncoding = 4; lastKnownFileType = sourcecode.swift; path = TestDatabase.swift; sourceTree = "<group>"; };
		392561C11EC0FCA400A9E3FF /* TestSubject.swift */ = {isa = PBXFileReference; fileEncoding = 4; lastKnownFileType = sourcecode.swift; path = TestSubject.swift; sourceTree = "<group>"; };
		392561C51EC2297700A9E3FF /* DC공인중개사.swift */ = {isa = PBXFileReference; fileEncoding = 4; lastKnownFileType = sourcecode.swift; path = "DC공인중개사.swift"; sourceTree = "<group>"; };
		392561C91EC31CF000A9E3FF /* Instruction.swift */ = {isa = PBXFileReference; fileEncoding = 4; lastKnownFileType = sourcecode.swift; path = Instruction.swift; sourceTree = "<group>"; };
		3937BBB81EDF1B4A00AFA704 /* TestDatabaseResource.swift */ = {isa = PBXFileReference; fileEncoding = 4; lastKnownFileType = sourcecode.swift; path = TestDatabaseResource.swift; sourceTree = "<group>"; };
		3943C5DF1FE4162B003606D5 /* OXer.swift */ = {isa = PBXFileReference; fileEncoding = 4; lastKnownFileType = sourcecode.swift; path = OXer.swift; sourceTree = "<group>"; };
		394E08461EBE70FB005A835D /* DC변호사시험.swift */ = {isa = PBXFileReference; fileEncoding = 4; lastKnownFileType = sourcecode.swift; path = "DC변호사시험.swift"; sourceTree = "<group>"; };
		395BF6CF1E82BA36004BE198 /* LawD Console System */ = {isa = PBXFileReference; explicitFileType = "compiled.mach-o.executable"; includeInIndex = 0; path = "LawD Console System"; sourceTree = BUILT_PRODUCTS_DIR; };
		395BF6D21E82BA36004BE198 /* main.swift */ = {isa = PBXFileReference; lastKnownFileType = sourcecode.swift; path = main.swift; sourceTree = "<group>"; };
		396291AD1EBC41CC00FADC4C /* ListSelection.swift */ = {isa = PBXFileReference; fileEncoding = 4; lastKnownFileType = sourcecode.swift; path = ListSelection.swift; sourceTree = "<group>"; };
		396291B21EBC60C300FADC4C /* Selection.swift */ = {isa = PBXFileReference; fileEncoding = 4; lastKnownFileType = sourcecode.swift; path = Selection.swift; sourceTree = "<group>"; };
		39633DDE1E9B134B00F9FD4D /* Solver.swift */ = {isa = PBXFileReference; fileEncoding = 4; lastKnownFileType = sourcecode.swift; path = Solver.swift; sourceTree = "<group>"; };
		3964D7781ED40AE80089E9BB /* InstManagerQuestion.swift */ = {isa = PBXFileReference; fileEncoding = 4; lastKnownFileType = sourcecode.swift; path = InstManagerQuestion.swift; sourceTree = "<group>"; };
		397214D41EBD818800FDCD62 /* BookStructure.swift */ = {isa = PBXFileReference; fileEncoding = 4; lastKnownFileType = sourcecode.swift; path = BookStructure.swift; sourceTree = "<group>"; };
		397214D61EBD82E800FDCD62 /* DataStructure.swift */ = {isa = PBXFileReference; fileEncoding = 4; lastKnownFileType = sourcecode.swift; path = DataStructure.swift; sourceTree = "<group>"; };
		397631B21EB6F08D0040CE01 /* DataConverter.swift */ = {isa = PBXFileReference; fileEncoding = 4; lastKnownFileType = sourcecode.swift; path = DataConverter.swift; sourceTree = "<group>"; };
		397631B41EB6F4CE0040CE01 /* DC법조윤리.swift */ = {isa = PBXFileReference; fileEncoding = 4; lastKnownFileType = sourcecode.swift; path = "DC법조윤리.swift"; sourceTree = "<group>"; };
		39971B491EF9DFE700D67091 /* DC변호사시험헌법OX.swift */ = {isa = PBXFileReference; fileEncoding = 4; lastKnownFileType = sourcecode.swift; path = "DC변호사시험헌법OX.swift"; sourceTree = "<group>"; };
		39971B4B1EF9E09300D67091 /* 변호사시험헌법OX=문제.txt */ = {isa = PBXFileReference; fileEncoding = 4; lastKnownFileType = text; name = "변호사시험헌법OX=문제.txt"; path = "Data/Resource/1. 변호사시험/변호사시험헌법OX=문제.txt"; sourceTree = SOURCE_ROOT; };
		39971B4D1EFA729300D67091 /* 변호사시험헌법OX=정답.json */ = {isa = PBXFileReference; fileEncoding = 4; lastKnownFileType = text.json; name = "변호사시험헌법OX=정답.json"; path = "Data/Resource/1. 변호사시험/변호사시험헌법OX=정답.json"; sourceTree = SOURCE_ROOT; };
		39AD18891EE6FD01008F72D4 /* Book.swift */ = {isa = PBXFileReference; fileEncoding = 4; lastKnownFileType = sourcecode.swift; path = Book.swift; sourceTree = "<group>"; };
		39AD188B1EE6FDE1008F72D4 /* Division.swift */ = {isa = PBXFileReference; fileEncoding = 4; lastKnownFileType = sourcecode.swift; path = Division.swift; sourceTree = "<group>"; };
		39AD188D1EE6FDF2008F72D4 /* Chapter.swift */ = {isa = PBXFileReference; fileEncoding = 4; lastKnownFileType = sourcecode.swift; path = Chapter.swift; sourceTree = "<group>"; };
		39AD188F1EE6FDFB008F72D4 /* Title.swift */ = {isa = PBXFileReference; fileEncoding = 4; lastKnownFileType = sourcecode.swift; path = Title.swift; sourceTree = "<group>"; };
		39AD18911EE6FF66008F72D4 /* Books.swift */ = {isa = PBXFileReference; fileEncoding = 4; lastKnownFileType = sourcecode.swift; path = Books.swift; sourceTree = "<group>"; };
		39AD18931EE70206008F72D4 /* Roman.swift */ = {isa = PBXFileReference; fileEncoding = 4; lastKnownFileType = sourcecode.swift; path = Roman.swift; sourceTree = "<group>"; };
		39AD18951EE7052A008F72D4 /* SeqNumber.swift */ = {isa = PBXFileReference; fileEncoding = 4; lastKnownFileType = sourcecode.swift; path = SeqNumber.swift; sourceTree = "<group>"; };
		39AD18971EE705FC008F72D4 /* DoubleBracket.swift */ = {isa = PBXFileReference; fileEncoding = 4; lastKnownFileType = sourcecode.swift; path = DoubleBracket.swift; sourceTree = "<group>"; };
		39AD18991EE70671008F72D4 /* SingleBracket.swift */ = {isa = PBXFileReference; fileEncoding = 4; lastKnownFileType = sourcecode.swift; path = SingleBracket.swift; sourceTree = "<group>"; };
		39AD189B1EE706E4008F72D4 /* SeqRoundNumber.swift */ = {isa = PBXFileReference; fileEncoding = 4; lastKnownFileType = sourcecode.swift; path = SeqRoundNumber.swift; sourceTree = "<group>"; };
		39AD189D1EE707C1008F72D4 /* RoundLetter.swift */ = {isa = PBXFileReference; fileEncoding = 4; lastKnownFileType = sourcecode.swift; path = RoundLetter.swift; sourceTree = "<group>"; };
		39AD189F1EE728EF008F72D4 /* SmallRoman.swift */ = {isa = PBXFileReference; fileEncoding = 4; lastKnownFileType = sourcecode.swift; path = SmallRoman.swift; sourceTree = "<group>"; };
		39C9336E1EE1A1CD004A5FC7 /* DC사법시험.swift */ = {isa = PBXFileReference; fileEncoding = 4; lastKnownFileType = sourcecode.swift; path = "DC사법시험.swift"; sourceTree = "<group>"; };
		39C933701EE1A2F1004A5FC7 /* =사법시험=민법=58회=1차=.txt */ = {isa = PBXFileReference; fileEncoding = 4; lastKnownFileType = text; name = "=사법시험=민법=58회=1차=.txt"; path = "Data/Resource/3. 사법시험/=사법시험=민법=58회=1차=.txt"; sourceTree = SOURCE_ROOT; };
		39C933721EE1A49C004A5FC7 /* 사법시험=58화=1차-정답.json */ = {isa = PBXFileReference; fileEncoding = 4; lastKnownFileType = text.json; name = "사법시험=58화=1차-정답.json"; path = "Data/Resource/3. 사법시험/사법시험=58화=1차-정답.json"; sourceTree = SOURCE_ROOT; };
		39CFAE031ECDD897008C775D /* =변호사시험=공법=1회=선택형=.txt */ = {isa = PBXFileReference; lastKnownFileType = text; name = "=변호사시험=공법=1회=선택형=.txt"; path = "Data/Resource/1. 변호사시험/=변호사시험=공법=1회=선택형=.txt"; sourceTree = SOURCE_ROOT; };
		39CFAE041ECDD897008C775D /* =변호사시험=공법=2회=선택형=.txt */ = {isa = PBXFileReference; lastKnownFileType = text; name = "=변호사시험=공법=2회=선택형=.txt"; path = "Data/Resource/1. 변호사시험/=변호사시험=공법=2회=선택형=.txt"; sourceTree = SOURCE_ROOT; };
		39CFAE051ECDD897008C775D /* =변호사시험=공법=3회=선택형=.txt */ = {isa = PBXFileReference; lastKnownFileType = text; name = "=변호사시험=공법=3회=선택형=.txt"; path = "Data/Resource/1. 변호사시험/=변호사시험=공법=3회=선택형=.txt"; sourceTree = SOURCE_ROOT; };
		39CFAE061ECDD897008C775D /* =변호사시험=공법=4회=선택형=.txt */ = {isa = PBXFileReference; lastKnownFileType = text; name = "=변호사시험=공법=4회=선택형=.txt"; path = "Data/Resource/1. 변호사시험/=변호사시험=공법=4회=선택형=.txt"; sourceTree = SOURCE_ROOT; };
		39CFAE071ECDD897008C775D /* =변호사시험=공법=5회=선택형=.txt */ = {isa = PBXFileReference; lastKnownFileType = text; name = "=변호사시험=공법=5회=선택형=.txt"; path = "Data/Resource/1. 변호사시험/=변호사시험=공법=5회=선택형=.txt"; sourceTree = SOURCE_ROOT; };
		39CFAE081ECDD897008C775D /* =변호사시험=공법=6회=선택형=.txt */ = {isa = PBXFileReference; lastKnownFileType = text; name = "=변호사시험=공법=6회=선택형=.txt"; path = "Data/Resource/1. 변호사시험/=변호사시험=공법=6회=선택형=.txt"; sourceTree = SOURCE_ROOT; };
		39CFAE091ECDD897008C775D /* =변호사시험=민사법=1회=선택형=.txt */ = {isa = PBXFileReference; lastKnownFileType = text; name = "=변호사시험=민사법=1회=선택형=.txt"; path = "Data/Resource/1. 변호사시험/=변호사시험=민사법=1회=선택형=.txt"; sourceTree = SOURCE_ROOT; };
		39CFAE0A1ECDD897008C775D /* =변호사시험=민사법=2회=선택형=.txt */ = {isa = PBXFileReference; lastKnownFileType = text; name = "=변호사시험=민사법=2회=선택형=.txt"; path = "Data/Resource/1. 변호사시험/=변호사시험=민사법=2회=선택형=.txt"; sourceTree = SOURCE_ROOT; };
		39CFAE0B1ECDD897008C775D /* =변호사시험=민사법=3회=선택형=.txt */ = {isa = PBXFileReference; lastKnownFileType = text; name = "=변호사시험=민사법=3회=선택형=.txt"; path = "Data/Resource/1. 변호사시험/=변호사시험=민사법=3회=선택형=.txt"; sourceTree = SOURCE_ROOT; };
		39CFAE0C1ECDD897008C775D /* =변호사시험=민사법=4회=선택형=.txt */ = {isa = PBXFileReference; lastKnownFileType = text; name = "=변호사시험=민사법=4회=선택형=.txt"; path = "Data/Resource/1. 변호사시험/=변호사시험=민사법=4회=선택형=.txt"; sourceTree = SOURCE_ROOT; };
		39CFAE0D1ECDD897008C775D /* =변호사시험=민사법=5회=선택형=.txt */ = {isa = PBXFileReference; lastKnownFileType = text; name = "=변호사시험=민사법=5회=선택형=.txt"; path = "Data/Resource/1. 변호사시험/=변호사시험=민사법=5회=선택형=.txt"; sourceTree = SOURCE_ROOT; };
		39CFAE0E1ECDD897008C775D /* =변호사시험=민사법=6회=선택형=.txt */ = {isa = PBXFileReference; lastKnownFileType = text; name = "=변호사시험=민사법=6회=선택형=.txt"; path = "Data/Resource/1. 변호사시험/=변호사시험=민사법=6회=선택형=.txt"; sourceTree = SOURCE_ROOT; };
		39CFAE0F1ECDD897008C775D /* =변호사시험=형사법=1회=선택형=.txt */ = {isa = PBXFileReference; lastKnownFileType = text; name = "=변호사시험=형사법=1회=선택형=.txt"; path = "Data/Resource/1. 변호사시험/=변호사시험=형사법=1회=선택형=.txt"; sourceTree = SOURCE_ROOT; };
		39CFAE101ECDD897008C775D /* =변호사시험=형사법=2회=선택형=.txt */ = {isa = PBXFileReference; lastKnownFileType = text; name = "=변호사시험=형사법=2회=선택형=.txt"; path = "Data/Resource/1. 변호사시험/=변호사시험=형사법=2회=선택형=.txt"; sourceTree = SOURCE_ROOT; };
		39CFAE111ECDD897008C775D /* =변호사시험=형사법=3회=선택형=.txt */ = {isa = PBXFileReference; lastKnownFileType = text; name = "=변호사시험=형사법=3회=선택형=.txt"; path = "Data/Resource/1. 변호사시험/=변호사시험=형사법=3회=선택형=.txt"; sourceTree = SOURCE_ROOT; };
		39CFAE121ECDD897008C775D /* =변호사시험=형사법=4회=선택형=.txt */ = {isa = PBXFileReference; lastKnownFileType = text; name = "=변호사시험=형사법=4회=선택형=.txt"; path = "Data/Resource/1. 변호사시험/=변호사시험=형사법=4회=선택형=.txt"; sourceTree = SOURCE_ROOT; };
		39CFAE131ECDD897008C775D /* =변호사시험=형사법=5회=선택형=.txt */ = {isa = PBXFileReference; lastKnownFileType = text; name = "=변호사시험=형사법=5회=선택형=.txt"; path = "Data/Resource/1. 변호사시험/=변호사시험=형사법=5회=선택형=.txt"; sourceTree = SOURCE_ROOT; };
		39CFAE141ECDD897008C775D /* =변호사시험=형사법=6회=선택형=.txt */ = {isa = PBXFileReference; lastKnownFileType = text; name = "=변호사시험=형사법=6회=선택형=.txt"; path = "Data/Resource/1. 변호사시험/=변호사시험=형사법=6회=선택형=.txt"; sourceTree = SOURCE_ROOT; };
		39CFAE151ECDD897008C775D /* 변호사시험=1~6회-정답.json */ = {isa = PBXFileReference; lastKnownFileType = text.json; name = "변호사시험=1~6회-정답.json"; path = "Data/Resource/1. 변호사시험/변호사시험=1~6회-정답.json"; sourceTree = SOURCE_ROOT; };
		39CFAE161ECDD897008C775D /* test.txt */ = {isa = PBXFileReference; lastKnownFileType = text; name = test.txt; path = "Data/Resource/1. 변호사시험/test.txt"; sourceTree = SOURCE_ROOT; };
		39CFAE171ECDD95A008C775D /* 법조윤리시험=법조윤리=1회~7회-법조윤리-문제.txt */ = {isa = PBXFileReference; lastKnownFileType = text; name = "법조윤리시험=법조윤리=1회~7회-법조윤리-문제.txt"; path = "Data/Resource/0. 법조윤리시험/법조윤리시험=법조윤리=1회~7회-법조윤리-문제.txt"; sourceTree = SOURCE_ROOT; };
		39CFAE181ECDD95A008C775D /* 법조윤리시험=법조윤리=1회~7회-법조윤리-정답.json */ = {isa = PBXFileReference; lastKnownFileType = text.json; name = "법조윤리시험=법조윤리=1회~7회-법조윤리-정답.json"; path = "Data/Resource/0. 법조윤리시험/법조윤리시험=법조윤리=1회~7회-법조윤리-정답.json"; sourceTree = SOURCE_ROOT; };
		39CFAE1A1ECDDF00008C775D /* ConsoleIO.swift */ = {isa = PBXFileReference; fileEncoding = 4; lastKnownFileType = sourcecode.swift; path = ConsoleIO.swift; sourceTree = "<group>"; };
		39D7AF1B1ED4502500973EFF /* InstManagerQuestionsGet.swift */ = {isa = PBXFileReference; fileEncoding = 4; lastKnownFileType = sourcecode.swift; path = InstManagerQuestionsGet.swift; sourceTree = "<group>"; };
		39D7AF1D1ED453F100973EFF /* InstManagerQuestionEdit.swift */ = {isa = PBXFileReference; fileEncoding = 4; lastKnownFileType = sourcecode.swift; path = InstManagerQuestionEdit.swift; sourceTree = "<group>"; };
		39DF734A1EAF2EFE005AD7D7 /* 3. Keyword.swift */ = {isa = PBXFileReference; fileEncoding = 4; lastKnownFileType = sourcecode.swift; path = "3. Keyword.swift"; sourceTree = "<group>"; };
		39DF734C1EAF4036005AD7D7 /* Note.swift */ = {isa = PBXFileReference; fileEncoding = 4; lastKnownFileType = sourcecode.swift; path = Note.swift; sourceTree = "<group>"; };
		39E1DE121E82BE54006F3DB9 /* Statement.swift */ = {isa = PBXFileReference; fileEncoding = 4; lastKnownFileType = sourcecode.swift; path = Statement.swift; sourceTree = "<group>"; };
		39E1DE141E82BF31006F3DB9 /* Codes.swift */ = {isa = PBXFileReference; fileEncoding = 4; lastKnownFileType = sourcecode.swift; path = Codes.swift; sourceTree = "<group>"; };
		39E1DE161E82BFEE006F3DB9 /* Cases.swift */ = {isa = PBXFileReference; fileEncoding = 4; lastKnownFileType = sourcecode.swift; path = Cases.swift; sourceTree = "<group>"; };
		39E1DE181E82C091006F3DB9 /* Question.swift */ = {isa = PBXFileReference; fileEncoding = 4; lastKnownFileType = sourcecode.swift; name = Question.swift; path = TestGenerator/Question.swift; sourceTree = SOURCE_ROOT; };
		39E1DE1A1E82C250006F3DB9 /* InstManagerMain.swift */ = {isa = PBXFileReference; fileEncoding = 4; lastKnownFileType = sourcecode.swift; path = InstManagerMain.swift; sourceTree = "<group>"; };
		39E1DE1C1E82C842006F3DB9 /* TestCategory.swift */ = {isa = PBXFileReference; fileEncoding = 4; lastKnownFileType = sourcecode.swift; path = TestCategory.swift; sourceTree = "<group>"; };
		39E775941ECA221C00F17DA7 /* DataConverterData.swift */ = {isa = PBXFileReference; fileEncoding = 4; lastKnownFileType = sourcecode.swift; path = DataConverterData.swift; sourceTree = "<group>"; };
		39E775971ECB23AF00F17DA7 /* StorageManager.swift */ = {isa = PBXFileReference; fileEncoding = 4; lastKnownFileType = sourcecode.swift; path = StorageManager.swift; sourceTree = "<group>"; };
		39E7E2AD1EBB263700087D73 /* Generator.swift */ = {isa = PBXFileReference; fileEncoding = 4; lastKnownFileType = sourcecode.swift; path = Generator.swift; sourceTree = "<group>"; };
		39E7E2B11EBB88E800087D73 /* OutputManager.swift */ = {isa = PBXFileReference; fileEncoding = 4; lastKnownFileType = sourcecode.swift; path = OutputManager.swift; sourceTree = "<group>"; };
		9B11C0192AB333E3001A0C37 /* =변호사시험=민사법=6회=선택형=.txt */ = {isa = PBXFileReference; fileEncoding = 4; lastKnownFileType = text; name = "=변호사시험=민사법=6회=선택형=.txt"; path = "Data/Resource/1. 변호사시험/=변호사시험=민사법=6회=선택형=.txt"; sourceTree = SOURCE_ROOT; };
		9B11C01A2AB33B85001A0C37 /* =변호사시험=민사법=7회=선택형=.txt */ = {isa = PBXFileReference; fileEncoding = 4; lastKnownFileType = text; name = "=변호사시험=민사법=7회=선택형=.txt"; path = "Data/Resource/1. 변호사시험/=변호사시험=민사법=7회=선택형=.txt"; sourceTree = SOURCE_ROOT; };
		9B19B0E12A40DC2F00766453 /* GeneratorView.swift */ = {isa = PBXFileReference; lastKnownFileType = sourcecode.swift; path = GeneratorView.swift; sourceTree = "<group>"; };
		9B35A04A2A58705300C5A838 /* Question+Essential.swift */ = {isa = PBXFileReference; lastKnownFileType = sourcecode.swift; path = "Question+Essential.swift"; sourceTree = "<group>"; };
		9B35A04D2A58731100C5A838 /* DataConverter+Essential.swift */ = {isa = PBXFileReference; lastKnownFileType = sourcecode.swift; path = "DataConverter+Essential.swift"; sourceTree = "<group>"; };
		9B35A04F2A58733600C5A838 /* DataConverter+Extension.swift */ = {isa = PBXFileReference; lastKnownFileType = sourcecode.swift; path = "DataConverter+Extension.swift"; sourceTree = "<group>"; };
		9B35A0562A5875E300C5A838 /* Templet.swift */ = {isa = PBXFileReference; lastKnownFileType = sourcecode.swift; path = Templet.swift; sourceTree = "<group>"; };
		9B41E9E12A377B4300DE389F /* LawD iOS.app */ = {isa = PBXFileReference; explicitFileType = wrapper.application; includeInIndex = 0; path = "LawD iOS.app"; sourceTree = BUILT_PRODUCTS_DIR; };
		9B41E9E32A377B4300DE389F /* LawDiOSApp.swift */ = {isa = PBXFileReference; lastKnownFileType = sourcecode.swift; path = LawDiOSApp.swift; sourceTree = "<group>"; };
		9B41E9E52A377B4300DE389F /* ContentView.swift */ = {isa = PBXFileReference; lastKnownFileType = sourcecode.swift; path = ContentView.swift; sourceTree = "<group>"; };
		9B41E9E72A377B4400DE389F /* Assets.xcassets */ = {isa = PBXFileReference; lastKnownFileType = folder.assetcatalog; path = Assets.xcassets; sourceTree = "<group>"; };
		9B41E9EA2A377B4400DE389F /* Preview Assets.xcassets */ = {isa = PBXFileReference; lastKnownFileType = folder.assetcatalog; path = "Preview Assets.xcassets"; sourceTree = "<group>"; };
		9B41E9F02A377B4400DE389F /* TestGeneratorIOSTests.xctest */ = {isa = PBXFileReference; explicitFileType = wrapper.cfbundle; includeInIndex = 0; path = TestGeneratorIOSTests.xctest; sourceTree = BUILT_PRODUCTS_DIR; };
		9B41E9F42A377B4400DE389F /* TestGeneratorIOSTests.swift */ = {isa = PBXFileReference; lastKnownFileType = sourcecode.swift; path = TestGeneratorIOSTests.swift; sourceTree = "<group>"; };
		9B41E9FA2A377B4400DE389F /* TestGeneratorIOSUITests.xctest */ = {isa = PBXFileReference; explicitFileType = wrapper.cfbundle; includeInIndex = 0; path = TestGeneratorIOSUITests.xctest; sourceTree = BUILT_PRODUCTS_DIR; };
		9B41E9FE2A377B4400DE389F /* TestGeneratorIOSUITests.swift */ = {isa = PBXFileReference; lastKnownFileType = sourcecode.swift; path = TestGeneratorIOSUITests.swift; sourceTree = "<group>"; };
		9B41EA002A377B4400DE389F /* TestGeneratorIOSUITestsLaunchTests.swift */ = {isa = PBXFileReference; lastKnownFileType = sourcecode.swift; path = TestGeneratorIOSUITestsLaunchTests.swift; sourceTree = "<group>"; };
		9B4FA2D62A435AD60006F173 /* HistoryContentView.swift */ = {isa = PBXFileReference; lastKnownFileType = sourcecode.swift; path = HistoryContentView.swift; sourceTree = "<group>"; };
		9B4FA2D92A435C6E0006F173 /* GenerateHistory.swift */ = {isa = PBXFileReference; lastKnownFileType = sourcecode.swift; path = GenerateHistory.swift; sourceTree = "<group>"; };
		9B5F98CA2A3CC03900CE08DC /* Solver+Publish.swift */ = {isa = PBXFileReference; lastKnownFileType = sourcecode.swift; path = "Solver+Publish.swift"; sourceTree = "<group>"; };
		9B5F98CD2A3CC56700CE08DC /* Solver+Extension.swift */ = {isa = PBXFileReference; lastKnownFileType = sourcecode.swift; path = "Solver+Extension.swift"; sourceTree = "<group>"; };
		9B5F98D02A3CC7CA00CE08DC /* Solver+Essential.swift */ = {isa = PBXFileReference; lastKnownFileType = sourcecode.swift; path = "Solver+Essential.swift"; sourceTree = "<group>"; };
		9B5F98D62A3CD2E500CE08DC /* SolverView.swift */ = {isa = PBXFileReference; lastKnownFileType = sourcecode.swift; path = SolverView.swift; sourceTree = "<group>"; };
		9B5F98D82A3CDC3000CE08DC /* GeneratorView20230620.swift */ = {isa = PBXFileReference; lastKnownFileType = sourcecode.swift; path = GeneratorView20230620.swift; sourceTree = "<group>"; };
		9B5F98DA2A3CE53900CE08DC /* TestsView.swift */ = {isa = PBXFileReference; lastKnownFileType = sourcecode.swift; path = TestsView.swift; sourceTree = "<group>"; };
		9B638D0B2A59B5F700DEE218 /* Codable.playground */ = {isa = PBXFileReference; lastKnownFileType = file.playground; path = Codable.playground; sourceTree = "<group>"; xcLanguageSpecificationIdentifier = xcode.lang.swift; };
		9B6C0E4A2A45F3B2003EC10B /* SolverOneByOneView.swift */ = {isa = PBXFileReference; lastKnownFileType = sourcecode.swift; path = SolverOneByOneView.swift; sourceTree = "<group>"; };
		9B6C0E4E2A462915003EC10B /* SetUP.swift */ = {isa = PBXFileReference; lastKnownFileType = sourcecode.swift; path = SetUP.swift; sourceTree = "<group>"; };
		9B6C0E502A473F62003EC10B /* ListSelectionView.swift */ = {isa = PBXFileReference; lastKnownFileType = sourcecode.swift; path = ListSelectionView.swift; sourceTree = "<group>"; };
		9B6F4DEF2A3C101700908F9E /* SelectionView.swift */ = {isa = PBXFileReference; lastKnownFileType = sourcecode.swift; path = SelectionView.swift; sourceTree = "<group>"; };
		9B6F4DF12A3C188C00908F9E /* TestView.swift */ = {isa = PBXFileReference; lastKnownFileType = sourcecode.swift; path = TestView.swift; sourceTree = "<group>"; };
		9B93524E2A44A51300EF2EFB /* GeneratorViewModeEnum.swift */ = {isa = PBXFileReference; lastKnownFileType = sourcecode.swift; path = GeneratorViewModeEnum.swift; sourceTree = "<group>"; };
		9B9352502A44AF4200EF2EFB /* SolversListView.swift */ = {isa = PBXFileReference; lastKnownFileType = sourcecode.swift; path = SolversListView.swift; sourceTree = "<group>"; };
		9BA0EA1B2A40B538004C5BBB /* CategoryView.swift */ = {isa = PBXFileReference; lastKnownFileType = sourcecode.swift; path = CategoryView.swift; sourceTree = "<group>"; };
		9BA6AD942AB9253A00B06D36 /* QuestionData.swift */ = {isa = PBXFileReference; lastKnownFileType = sourcecode.swift; path = QuestionData.swift; sourceTree = "<group>"; };
		9BA6AD992AB93E2400B06D36 /* pathSnippet.playground */ = {isa = PBXFileReference; lastKnownFileType = file.playground; path = pathSnippet.playground; sourceTree = "<group>"; xcLanguageSpecificationIdentifier = xcode.lang.swift; };
		9BA6AD9A2AB9520700B06D36 /* QuestionData+Backend.swift */ = {isa = PBXFileReference; lastKnownFileType = sourcecode.swift; path = "QuestionData+Backend.swift"; sourceTree = "<group>"; };
		9BA6AD9D2AB954B900B06D36 /* mainEXE.swift */ = {isa = PBXFileReference; lastKnownFileType = sourcecode.swift; path = mainEXE.swift; sourceTree = "<group>"; };
		9BB1A79A2AAAB4F600AA5539 /* WhatsNewView.swift */ = {isa = PBXFileReference; lastKnownFileType = sourcecode.swift; path = WhatsNewView.swift; sourceTree = "<group>"; };
		9BB1A79C2AAABCA200AA5539 /* MemoInputView.swift */ = {isa = PBXFileReference; lastKnownFileType = sourcecode.swift; path = MemoInputView.swift; sourceTree = "<group>"; };
		9BC35E3B2AAFF26600D69ED6 /* StorageManager+Essential.swift */ = {isa = PBXFileReference; lastKnownFileType = sourcecode.swift; path = "StorageManager+Essential.swift"; sourceTree = "<group>"; };
		9BC35E3E2AAFF89100D69ED6 /* Test+Backend.swift */ = {isa = PBXFileReference; lastKnownFileType = sourcecode.swift; path = "Test+Backend.swift"; sourceTree = "<group>"; };
		9BC35E412AAFF8E600D69ED6 /* Genrator+Backend.swift */ = {isa = PBXFileReference; lastKnownFileType = sourcecode.swift; path = "Genrator+Backend.swift"; sourceTree = "<group>"; };
		9BED4F662AB1D8B6002D483D /* Question+Backend.swift */ = {isa = PBXFileReference; lastKnownFileType = sourcecode.swift; path = "Question+Backend.swift"; sourceTree = "<group>"; };
		9BFA60282A3F742F0027627B /* ResultPopoverView.swift */ = {isa = PBXFileReference; lastKnownFileType = sourcecode.swift; path = ResultPopoverView.swift; sourceTree = "<group>"; };
		9BFA602C2A3FF93F0027627B /* TestStartPopupView.swift */ = {isa = PBXFileReference; lastKnownFileType = sourcecode.swift; path = TestStartPopupView.swift; sourceTree = "<group>"; };
		9BFB92592A38FE6F00C6BBA1 /* QuestionView.swift */ = {isa = PBXFileReference; lastKnownFileType = sourcecode.swift; path = QuestionView.swift; sourceTree = "<group>"; };
/* End PBXFileReference section */

/* Begin PBXFrameworksBuildPhase section */
		395BF6CC1E82BA36004BE198 /* Frameworks */ = {
			isa = PBXFrameworksBuildPhase;
			buildActionMask = 2147483647;
			files = (
			);
			runOnlyForDeploymentPostprocessing = 0;
		};
		9B41E9DE2A377B4300DE389F /* Frameworks */ = {
			isa = PBXFrameworksBuildPhase;
			buildActionMask = 2147483647;
			files = (
			);
			runOnlyForDeploymentPostprocessing = 0;
		};
		9B41E9ED2A377B4400DE389F /* Frameworks */ = {
			isa = PBXFrameworksBuildPhase;
			buildActionMask = 2147483647;
			files = (
			);
			runOnlyForDeploymentPostprocessing = 0;
		};
		9B41E9F72A377B4400DE389F /* Frameworks */ = {
			isa = PBXFrameworksBuildPhase;
			buildActionMask = 2147483647;
			files = (
			);
			runOnlyForDeploymentPostprocessing = 0;
		};
/* End PBXFrameworksBuildPhase section */

/* Begin PBXGroup section */
		39071A601EDA4C300038E5CB /* 6회차 민법 수정 */ = {
			isa = PBXGroup;
			children = (
				39071A611EDA4C620038E5CB /* DC변호사시험-6회 민법 수정.swift */,
				39CFAE0E1ECDD897008C775D /* =변호사시험=민사법=6회=선택형=.txt */,
				39071A631EDA4D0B0038E5CB /* 변호사시험=6회=민법-정답.json */,
			);
			name = "6회차 민법 수정";
			sourceTree = "<group>";
		};
		392561BA1EC0BBD700A9E3FF /* DefaultData */ = {
			isa = PBXGroup;
			children = (
				392561BB1EC0BBF500A9E3FF /* DCDD.swift */,
			);
			name = DefaultData;
			sourceTree = "<group>";
		};
		392561C31EC228C100A9E3FF /* 공인중개사 */ = {
			isa = PBXGroup;
			children = (
				392561C51EC2297700A9E3FF /* DC공인중개사.swift */,
			);
			name = "공인중개사";
			sourceTree = "<group>";
		};
		394E08451EBE70C0005A835D /* 변호사시험 */ = {
			isa = PBXGroup;
			children = (
				39071A601EDA4C300038E5CB /* 6회차 민법 수정 */,
				394E08461EBE70FB005A835D /* DC변호사시험.swift */,
				39CFAE031ECDD897008C775D /* =변호사시험=공법=1회=선택형=.txt */,
				39CFAE041ECDD897008C775D /* =변호사시험=공법=2회=선택형=.txt */,
				39CFAE051ECDD897008C775D /* =변호사시험=공법=3회=선택형=.txt */,
				39CFAE061ECDD897008C775D /* =변호사시험=공법=4회=선택형=.txt */,
				39CFAE071ECDD897008C775D /* =변호사시험=공법=5회=선택형=.txt */,
				39CFAE081ECDD897008C775D /* =변호사시험=공법=6회=선택형=.txt */,
				39CFAE091ECDD897008C775D /* =변호사시험=민사법=1회=선택형=.txt */,
				39CFAE0A1ECDD897008C775D /* =변호사시험=민사법=2회=선택형=.txt */,
				39CFAE0B1ECDD897008C775D /* =변호사시험=민사법=3회=선택형=.txt */,
				39CFAE0C1ECDD897008C775D /* =변호사시험=민사법=4회=선택형=.txt */,
				39CFAE0D1ECDD897008C775D /* =변호사시험=민사법=5회=선택형=.txt */,
				9B11C0192AB333E3001A0C37 /* =변호사시험=민사법=6회=선택형=.txt */,
				9B11C01A2AB33B85001A0C37 /* =변호사시험=민사법=7회=선택형=.txt */,
				39CFAE0F1ECDD897008C775D /* =변호사시험=형사법=1회=선택형=.txt */,
				39CFAE101ECDD897008C775D /* =변호사시험=형사법=2회=선택형=.txt */,
				39CFAE111ECDD897008C775D /* =변호사시험=형사법=3회=선택형=.txt */,
				39CFAE121ECDD897008C775D /* =변호사시험=형사법=4회=선택형=.txt */,
				39CFAE131ECDD897008C775D /* =변호사시험=형사법=5회=선택형=.txt */,
				39CFAE141ECDD897008C775D /* =변호사시험=형사법=6회=선택형=.txt */,
				39CFAE151ECDD897008C775D /* 변호사시험=1~6회-정답.json */,
				39CFAE161ECDD897008C775D /* test.txt */,
			);
			name = "변호사시험";
			sourceTree = "<group>";
		};
		395BF6C61E82BA36004BE198 = {
			isa = PBXGroup;
			children = (
				9BA6AD922AB9244000B06D36 /* Backend */,
				9B638D0B2A59B5F700DEE218 /* Codable.playground */,
				39E7E2AF1EBB274F00087D73 /* DataClass */,
				39DF734E1EAFB820005AD7D7 /* ProcessingData */,
				39E775961ECB237F00F17DA7 /* Storage */,
				395BF6D11E82BA36004BE198 /* TestGenerator */,
				9B41E9E22A377B4300DE389F /* TestGeneratorIOS */,
				9B41E9F32A377B4400DE389F /* TestGeneratorIOSTests */,
				9B41E9FD2A377B4400DE389F /* TestGeneratorIOSUITests */,
				395BF6D01E82BA36004BE198 /* Products */,
			);
			sourceTree = "<group>";
			usesTabs = 0;
		};
		395BF6D01E82BA36004BE198 /* Products */ = {
			isa = PBXGroup;
			children = (
				395BF6CF1E82BA36004BE198 /* LawD Console System */,
				9B41E9E12A377B4300DE389F /* LawD iOS.app */,
				9B41E9F02A377B4400DE389F /* TestGeneratorIOSTests.xctest */,
				9B41E9FA2A377B4400DE389F /* TestGeneratorIOSUITests.xctest */,
			);
			name = Products;
			sourceTree = "<group>";
		};
		395BF6D11E82BA36004BE198 /* TestGenerator */ = {
			isa = PBXGroup;
			children = (
				395BF6D21E82BA36004BE198 /* main.swift */,
				9BA6AD9D2AB954B900B06D36 /* mainEXE.swift */,
				39E7E2B01EBB889E00087D73 /* IO */,
				397631AE1EB6E7A90040CE01 /* Resource */,
				3903139D1EB98F7F006FE79A /* MyPlayground.playground */,
			);
			path = TestGenerator;
			sourceTree = "<group>";
		};
		396291AF1EBC41FA00FADC4C /* 5. Test */ = {
			isa = PBXGroup;
			children = (
				392561BF1EC0E79E00A9E3FF /* TestDatabase.swift */,
				3937BBB81EDF1B4A00AFA704 /* TestDatabaseResource.swift */,
				39E1DE1C1E82C842006F3DB9 /* TestCategory.swift */,
				392561C11EC0FCA400A9E3FF /* TestSubject.swift */,
				3903139E1EB9BC8B006FE79A /* Test.swift */,
				9BC35E3E2AAFF89100D69ED6 /* Test+Backend.swift */,
				39E1DE181E82C091006F3DB9 /* Question.swift */,
				9BED4F662AB1D8B6002D483D /* Question+Backend.swift */,
				9B35A04A2A58705300C5A838 /* Question+Essential.swift */,
				396291B41EBC628B00FADC4C /* Statement */,
			);
			name = "5. Test";
			sourceTree = "<group>";
		};
		396291B01EBC422000FADC4C /* 1.Code */ = {
			isa = PBXGroup;
			children = (
				39E1DE141E82BF31006F3DB9 /* Codes.swift */,
			);
			name = 1.Code;
			sourceTree = "<group>";
		};
		396291B11EBC423100FADC4C /* 2.Case */ = {
			isa = PBXGroup;
			children = (
				39E1DE161E82BFEE006F3DB9 /* Cases.swift */,
			);
			name = 2.Case;
			sourceTree = "<group>";
		};
		396291B41EBC628B00FADC4C /* Statement */ = {
			isa = PBXGroup;
			children = (
				39E1DE121E82BE54006F3DB9 /* Statement.swift */,
				396291B21EBC60C300FADC4C /* Selection.swift */,
				396291AD1EBC41CC00FADC4C /* ListSelection.swift */,
			);
			name = Statement;
			sourceTree = "<group>";
		};
		397631AE1EB6E7A90040CE01 /* Resource */ = {
			isa = PBXGroup;
			children = (
				9B35A0522A58738100C5A838 /* DataConverter */,
				9B35A0532A58739400C5A838 /* TestData */,
				9B35A0562A5875E300C5A838 /* Templet.swift */,
			);
			name = Resource;
			sourceTree = "<group>";
		};
		397631AF1EB6E7BC0040CE01 /* 법조윤리 */ = {
			isa = PBXGroup;
			children = (
				397631B41EB6F4CE0040CE01 /* DC법조윤리.swift */,
				39CFAE171ECDD95A008C775D /* 법조윤리시험=법조윤리=1회~7회-법조윤리-문제.txt */,
				39CFAE181ECDD95A008C775D /* 법조윤리시험=법조윤리=1회~7회-법조윤리-정답.json */,
			);
			name = "법조윤리";
			sourceTree = "<group>";
		};
		39AD184F1EE6F7D0008F72D4 /* 4. Book */ = {
			isa = PBXGroup;
			children = (
				397214D41EBD818800FDCD62 /* BookStructure.swift */,
				39AD18911EE6FF66008F72D4 /* Books.swift */,
				39AD18891EE6FD01008F72D4 /* Book.swift */,
				39AD188B1EE6FDE1008F72D4 /* Division.swift */,
				39AD188D1EE6FDF2008F72D4 /* Chapter.swift */,
				39AD188F1EE6FDFB008F72D4 /* Title.swift */,
				39AD18931EE70206008F72D4 /* Roman.swift */,
				39AD18951EE7052A008F72D4 /* SeqNumber.swift */,
				39AD18971EE705FC008F72D4 /* DoubleBracket.swift */,
				39AD18991EE70671008F72D4 /* SingleBracket.swift */,
				39AD189B1EE706E4008F72D4 /* SeqRoundNumber.swift */,
				39AD189D1EE707C1008F72D4 /* RoundLetter.swift */,
				39AD189F1EE728EF008F72D4 /* SmallRoman.swift */,
			);
			name = "4. Book";
			sourceTree = "<group>";
		};
		39C9336D1EE1A18D004A5FC7 /* 사법시험 */ = {
			isa = PBXGroup;
			children = (
				39C9336E1EE1A1CD004A5FC7 /* DC사법시험.swift */,
				39C933721EE1A49C004A5FC7 /* 사법시험=58화=1차-정답.json */,
				39C933701EE1A2F1004A5FC7 /* =사법시험=민법=58회=1차=.txt */,
			);
			name = "사법시험";
			sourceTree = "<group>";
		};
		39DF734E1EAFB820005AD7D7 /* ProcessingData */ = {
			isa = PBXGroup;
			children = (
				9BC35E392AAF9B9A00D69ED6 /* QuestionSolver */,
				9BC35E3A2AAF9BB000D69ED6 /* TestGenerateHistory */,
				3943C5DF1FE4162B003606D5 /* OXer.swift */,
			);
			name = ProcessingData;
			path = TestGenerator;
			sourceTree = "<group>";
		};
		39E775961ECB237F00F17DA7 /* Storage */ = {
			isa = PBXGroup;
			children = (
				39E775971ECB23AF00F17DA7 /* StorageManager.swift */,
				9BC35E3B2AAFF26600D69ED6 /* StorageManager+Essential.swift */,
			);
			name = Storage;
			sourceTree = "<group>";
		};
		39E7E2AF1EBB274F00087D73 /* DataClass */ = {
			isa = PBXGroup;
			children = (
				397214D61EBD82E800FDCD62 /* DataStructure.swift */,
				39DF734C1EAF4036005AD7D7 /* Note.swift */,
				396291B01EBC422000FADC4C /* 1.Code */,
				396291B11EBC423100FADC4C /* 2.Case */,
				39DF734A1EAF2EFE005AD7D7 /* 3. Keyword.swift */,
				39AD184F1EE6F7D0008F72D4 /* 4. Book */,
				396291AF1EBC41FA00FADC4C /* 5. Test */,
			);
			name = DataClass;
			path = TestGenerator;
			sourceTree = "<group>";
		};
		39E7E2B01EBB889E00087D73 /* IO */ = {
			isa = PBXGroup;
			children = (
				392561C91EC31CF000A9E3FF /* Instruction.swift */,
				39CFAE1A1ECDDF00008C775D /* ConsoleIO.swift */,
				39E1DE1A1E82C250006F3DB9 /* InstManagerMain.swift */,
				39D7AF1B1ED4502500973EFF /* InstManagerQuestionsGet.swift */,
				3964D7781ED40AE80089E9BB /* InstManagerQuestion.swift */,
				39D7AF1D1ED453F100973EFF /* InstManagerQuestionEdit.swift */,
				39E7E2B11EBB88E800087D73 /* OutputManager.swift */,
			);
			name = IO;
			sourceTree = "<group>";
		};
		9B35A0492A585DD300C5A838 /* 경찰공무원(순경) */ = {
			isa = PBXGroup;
			children = (
			);
			name = "경찰공무원(순경)";
			sourceTree = "<group>";
		};
		9B35A0512A58736200C5A838 /* 헌법OX */ = {
			isa = PBXGroup;
			children = (
				39971B491EF9DFE700D67091 /* DC변호사시험헌법OX.swift */,
				39971B4D1EFA729300D67091 /* 변호사시험헌법OX=정답.json */,
				39971B4B1EF9E09300D67091 /* 변호사시험헌법OX=문제.txt */,
			);
			name = "헌법OX";
			sourceTree = "<group>";
		};
		9B35A0522A58738100C5A838 /* DataConverter */ = {
			isa = PBXGroup;
			children = (
				397631B21EB6F08D0040CE01 /* DataConverter.swift */,
				9B35A04D2A58731100C5A838 /* DataConverter+Essential.swift */,
				9B35A04F2A58733600C5A838 /* DataConverter+Extension.swift */,
				39E775941ECA221C00F17DA7 /* DataConverterData.swift */,
			);
			name = DataConverter;
			sourceTree = "<group>";
		};
		9B35A0532A58739400C5A838 /* TestData */ = {
			isa = PBXGroup;
			children = (
				392561BA1EC0BBD700A9E3FF /* DefaultData */,
				9B35A0512A58736200C5A838 /* 헌법OX */,
				39C9336D1EE1A18D004A5FC7 /* 사법시험 */,
				394E08451EBE70C0005A835D /* 변호사시험 */,
				397631AF1EB6E7BC0040CE01 /* 법조윤리 */,
				9B35A0492A585DD300C5A838 /* 경찰공무원(순경) */,
				392561C31EC228C100A9E3FF /* 공인중개사 */,
			);
			name = TestData;
			sourceTree = "<group>";
		};
		9B41E9E22A377B4300DE389F /* TestGeneratorIOS */ = {
			isa = PBXGroup;
			children = (
				9B6C0E4E2A462915003EC10B /* SetUP.swift */,
				9B41E9E32A377B4300DE389F /* LawDiOSApp.swift */,
				9B41E9E52A377B4300DE389F /* ContentView.swift */,
				9B4FA2D82A435AE60006F173 /* TestsContentView */,
				9BB1A79A2AAAB4F600AA5539 /* WhatsNewView.swift */,
				9B6C0E522A474506003EC10B /* HistoryContentView */,
				9BFA60272A3F665F0027627B /* 2023. 6. 19. 폐기됨. */,
				9B41E9E72A377B4400DE389F /* Assets.xcassets */,
				9B41E9E92A377B4400DE389F /* Preview Content */,
			);
			path = TestGeneratorIOS;
			sourceTree = "<group>";
		};
		9B41E9E92A377B4400DE389F /* Preview Content */ = {
			isa = PBXGroup;
			children = (
				9B41E9EA2A377B4400DE389F /* Preview Assets.xcassets */,
			);
			path = "Preview Content";
			sourceTree = "<group>";
		};
		9B41E9F32A377B4400DE389F /* TestGeneratorIOSTests */ = {
			isa = PBXGroup;
			children = (
				9B41E9F42A377B4400DE389F /* TestGeneratorIOSTests.swift */,
			);
			path = TestGeneratorIOSTests;
			sourceTree = "<group>";
		};
		9B41E9FD2A377B4400DE389F /* TestGeneratorIOSUITests */ = {
			isa = PBXGroup;
			children = (
				9B41E9FE2A377B4400DE389F /* TestGeneratorIOSUITests.swift */,
				9B41EA002A377B4400DE389F /* TestGeneratorIOSUITestsLaunchTests.swift */,
			);
			path = TestGeneratorIOSUITests;
			sourceTree = "<group>";
		};
		9B4FA2D82A435AE60006F173 /* TestsContentView */ = {
			isa = PBXGroup;
			children = (
				9BA0EA1B2A40B538004C5BBB /* CategoryView.swift */,
				9B6C0E4D2A45F503003EC10B /* TestsView 관련 */,
				9B6C0E4C2A45F3E4003EC10B /* GeneratorView 관련 */,
				9B5F98D62A3CD2E500CE08DC /* SolverView.swift */,
				9B6C0E502A473F62003EC10B /* ListSelectionView.swift */,
				9B6F4DEF2A3C101700908F9E /* SelectionView.swift */,
			);
			path = TestsContentView;
			sourceTree = "<group>";
		};
		9B6C0E4C2A45F3E4003EC10B /* GeneratorView 관련 */ = {
			isa = PBXGroup;
			children = (
				9B19B0E12A40DC2F00766453 /* GeneratorView.swift */,
				9B9352502A44AF4200EF2EFB /* SolversListView.swift */,
				9B6C0E4A2A45F3B2003EC10B /* SolverOneByOneView.swift */,
				9BFA60282A3F742F0027627B /* ResultPopoverView.swift */,
				9BB1A79C2AAABCA200AA5539 /* MemoInputView.swift */,
			);
			name = "GeneratorView 관련";
			path = "GeneratorView 관련";
			sourceTree = "<group>";
		};
		9B6C0E4D2A45F503003EC10B /* TestsView 관련 */ = {
			isa = PBXGroup;
			children = (
				9B5F98DA2A3CE53900CE08DC /* TestsView.swift */,
				9BFA602C2A3FF93F0027627B /* TestStartPopupView.swift */,
				9B93524E2A44A51300EF2EFB /* GeneratorViewModeEnum.swift */,
			);
			name = "TestsView 관련";
			path = "TestsView r관련";
			sourceTree = "<group>";
		};
		9B6C0E522A474506003EC10B /* HistoryContentView */ = {
			isa = PBXGroup;
			children = (
				9B4FA2D62A435AD60006F173 /* HistoryContentView.swift */,
			);
			path = HistoryContentView;
			sourceTree = "<group>";
		};
		9BA6AD922AB9244000B06D36 /* Backend */ = {
			isa = PBXGroup;
			children = (
				9BA6AD932AB9246600B06D36 /* LawDatabase */,
				9BA6AD992AB93E2400B06D36 /* pathSnippet.playground */,
			);
			path = Backend;
			sourceTree = SOURCE_ROOT;
		};
		9BA6AD932AB9246600B06D36 /* LawDatabase */ = {
			isa = PBXGroup;
			children = (
				9BA6AD942AB9253A00B06D36 /* QuestionData.swift */,
				9BA6AD9A2AB9520700B06D36 /* QuestionData+Backend.swift */,
			);
			name = LawDatabase;
			path = Backend/LawDatabase;
			sourceTree = SOURCE_ROOT;
		};
		9BC35E392AAF9B9A00D69ED6 /* QuestionSolver */ = {
			isa = PBXGroup;
			children = (
				39633DDE1E9B134B00F9FD4D /* Solver.swift */,
				9B5F98D02A3CC7CA00CE08DC /* Solver+Essential.swift */,
				9B5F98CD2A3CC56700CE08DC /* Solver+Extension.swift */,
				9B5F98CA2A3CC03900CE08DC /* Solver+Publish.swift */,
			);
			path = QuestionSolver;
			sourceTree = "<group>";
		};
		9BC35E3A2AAF9BB000D69ED6 /* TestGenerateHistory */ = {
			isa = PBXGroup;
			children = (
				39E7E2AD1EBB263700087D73 /* Generator.swift */,
				9BC35E412AAFF8E600D69ED6 /* Genrator+Backend.swift */,
				9B4FA2D92A435C6E0006F173 /* GenerateHistory.swift */,
			);
			path = TestGenerateHistory;
			sourceTree = "<group>";
		};
		9BFA60272A3F665F0027627B /* 2023. 6. 19. 폐기됨. */ = {
			isa = PBXGroup;
			children = (
				9B5F98D82A3CDC3000CE08DC /* GeneratorView20230620.swift */,
				9B6F4DF12A3C188C00908F9E /* TestView.swift */,
				9BFB92592A38FE6F00C6BBA1 /* QuestionView.swift */,
			);
			name = "2023. 6. 19. 폐기됨.";
			path = "폐기됨.";
			sourceTree = "<group>";
		};
/* End PBXGroup section */

/* Begin PBXNativeTarget section */
		395BF6CE1E82BA36004BE198 /* LawD Console System */ = {
			isa = PBXNativeTarget;
			buildConfigurationList = 395BF6D61E82BA36004BE198 /* Build configuration list for PBXNativeTarget "LawD Console System" */;
			buildPhases = (
				395BF6CB1E82BA36004BE198 /* Sources */,
				395BF6CC1E82BA36004BE198 /* Frameworks */,
				395BF6CD1E82BA36004BE198 /* CopyFiles */,
				39E84C031EB7743F00E3790F /* CopyFiles */,
			);
			buildRules = (
			);
			dependencies = (
			);
			name = "LawD Console System";
			productName = TestGenerator;
			productReference = 395BF6CF1E82BA36004BE198 /* LawD Console System */;
			productType = "com.apple.product-type.tool";
		};
		9B41E9E02A377B4300DE389F /* LawD iOS */ = {
			isa = PBXNativeTarget;
			buildConfigurationList = 9B41EA082A377B4400DE389F /* Build configuration list for PBXNativeTarget "LawD iOS" */;
			buildPhases = (
				9B41E9DD2A377B4300DE389F /* Sources */,
				9B41E9DE2A377B4300DE389F /* Frameworks */,
				9B41E9DF2A377B4300DE389F /* Resources */,
			);
			buildRules = (
			);
			dependencies = (
			);
			name = "LawD iOS";
			productName = TestGeneratorIOS;
			productReference = 9B41E9E12A377B4300DE389F /* LawD iOS.app */;
			productType = "com.apple.product-type.application";
		};
		9B41E9EF2A377B4400DE389F /* TestGeneratorIOSTests */ = {
			isa = PBXNativeTarget;
			buildConfigurationList = 9B41EA092A377B4400DE389F /* Build configuration list for PBXNativeTarget "TestGeneratorIOSTests" */;
			buildPhases = (
				9B41E9EC2A377B4400DE389F /* Sources */,
				9B41E9ED2A377B4400DE389F /* Frameworks */,
				9B41E9EE2A377B4400DE389F /* Resources */,
			);
			buildRules = (
			);
			dependencies = (
				9B41E9F22A377B4400DE389F /* PBXTargetDependency */,
			);
			name = TestGeneratorIOSTests;
			productName = TestGeneratorIOSTests;
			productReference = 9B41E9F02A377B4400DE389F /* TestGeneratorIOSTests.xctest */;
			productType = "com.apple.product-type.bundle.unit-test";
		};
		9B41E9F92A377B4400DE389F /* TestGeneratorIOSUITests */ = {
			isa = PBXNativeTarget;
			buildConfigurationList = 9B41EA0A2A377B4400DE389F /* Build configuration list for PBXNativeTarget "TestGeneratorIOSUITests" */;
			buildPhases = (
				9B41E9F62A377B4400DE389F /* Sources */,
				9B41E9F72A377B4400DE389F /* Frameworks */,
				9B41E9F82A377B4400DE389F /* Resources */,
			);
			buildRules = (
			);
			dependencies = (
				9B41E9FC2A377B4400DE389F /* PBXTargetDependency */,
			);
			name = TestGeneratorIOSUITests;
			productName = TestGeneratorIOSUITests;
			productReference = 9B41E9FA2A377B4400DE389F /* TestGeneratorIOSUITests.xctest */;
			productType = "com.apple.product-type.bundle.ui-testing";
		};
/* End PBXNativeTarget section */

/* Begin PBXProject section */
		395BF6C71E82BA36004BE198 /* Project object */ = {
			isa = PBXProject;
			attributes = {
				BuildIndependentTargetsInParallel = YES;
				LastSwiftUpdateCheck = 1430;
				LastUpgradeCheck = 1430;
				ORGANIZATIONNAME = MasterBuilder;
				TargetAttributes = {
					395BF6CE1E82BA36004BE198 = {
						CreatedOnToolsVersion = 8.2.1;
						ProvisioningStyle = Automatic;
					};
					9B41E9E02A377B4300DE389F = {
						CreatedOnToolsVersion = 14.3.1;
					};
					9B41E9EF2A377B4400DE389F = {
						CreatedOnToolsVersion = 14.3.1;
						TestTargetID = 9B41E9E02A377B4300DE389F;
					};
					9B41E9F92A377B4400DE389F = {
						CreatedOnToolsVersion = 14.3.1;
						TestTargetID = 9B41E9E02A377B4300DE389F;
					};
				};
			};
			buildConfigurationList = 395BF6CA1E82BA36004BE198 /* Build configuration list for PBXProject "LawD MVP" */;
			compatibilityVersion = "Xcode 3.2";
			developmentRegion = en;
			hasScannedForEncodings = 0;
			knownRegions = (
				en,
				Base,
			);
			mainGroup = 395BF6C61E82BA36004BE198;
			productRefGroup = 395BF6D01E82BA36004BE198 /* Products */;
			projectDirPath = "";
			projectRoot = "";
			targets = (
				395BF6CE1E82BA36004BE198 /* LawD Console System */,
				9B41E9E02A377B4300DE389F /* LawD iOS */,
				9B41E9EF2A377B4400DE389F /* TestGeneratorIOSTests */,
				9B41E9F92A377B4400DE389F /* TestGeneratorIOSUITests */,
			);
		};
/* End PBXProject section */

/* Begin PBXResourcesBuildPhase section */
		9B41E9DF2A377B4300DE389F /* Resources */ = {
			isa = PBXResourcesBuildPhase;
			buildActionMask = 2147483647;
			files = (
				9B41E9EB2A377B4400DE389F /* Preview Assets.xcassets in Resources */,
				9B41E9E82A377B4400DE389F /* Assets.xcassets in Resources */,
			);
			runOnlyForDeploymentPostprocessing = 0;
		};
		9B41E9EE2A377B4400DE389F /* Resources */ = {
			isa = PBXResourcesBuildPhase;
			buildActionMask = 2147483647;
			files = (
			);
			runOnlyForDeploymentPostprocessing = 0;
		};
		9B41E9F82A377B4400DE389F /* Resources */ = {
			isa = PBXResourcesBuildPhase;
			buildActionMask = 2147483647;
			files = (
			);
			runOnlyForDeploymentPostprocessing = 0;
		};
/* End PBXResourcesBuildPhase section */

/* Begin PBXSourcesBuildPhase section */
		395BF6CB1E82BA36004BE198 /* Sources */ = {
			isa = PBXSourcesBuildPhase;
			buildActionMask = 2147483647;
			files = (
				9BA6AD9B2AB9520700B06D36 /* QuestionData+Backend.swift in Sources */,
				39AD189E1EE707C1008F72D4 /* RoundLetter.swift in Sources */,
				39AD189A1EE70671008F72D4 /* SingleBracket.swift in Sources */,
				39E1DE1B1E82C250006F3DB9 /* InstManagerMain.swift in Sources */,
				39E1DE131E82BE54006F3DB9 /* Statement.swift in Sources */,
				3964D7791ED40AE80089E9BB /* InstManagerQuestion.swift in Sources */,
				39AD18981EE705FC008F72D4 /* DoubleBracket.swift in Sources */,
				9BC35E422AAFF8E600D69ED6 /* Genrator+Backend.swift in Sources */,
				394E08471EBE70FB005A835D /* DC변호사시험.swift in Sources */,
				39AD18961EE7052A008F72D4 /* SeqNumber.swift in Sources */,
				39633DDF1E9B134B00F9FD4D /* Solver.swift in Sources */,
				39AD18921EE6FF66008F72D4 /* Books.swift in Sources */,
				392561C21EC0FCA400A9E3FF /* TestSubject.swift in Sources */,
				9BED4F672AB1D8B6002D483D /* Question+Backend.swift in Sources */,
				9B5F98D12A3CC7CA00CE08DC /* Solver+Essential.swift in Sources */,
				39071A621EDA4C620038E5CB /* DC변호사시험-6회 민법 수정.swift in Sources */,
				39AD18901EE6FDFB008F72D4 /* Title.swift in Sources */,
				39E1DE171E82BFEE006F3DB9 /* Cases.swift in Sources */,
				9B5F98CB2A3CC03900CE08DC /* Solver+Publish.swift in Sources */,
				397631B31EB6F08D0040CE01 /* DataConverter.swift in Sources */,
				392561C01EC0E79E00A9E3FF /* TestDatabase.swift in Sources */,
				39E7E2B21EBB88E800087D73 /* OutputManager.swift in Sources */,
				39D7AF1C1ED4502500973EFF /* InstManagerQuestionsGet.swift in Sources */,
				39E1DE151E82BF31006F3DB9 /* Codes.swift in Sources */,
				392561C61EC2297700A9E3FF /* DC공인중개사.swift in Sources */,
				39971B4A1EF9DFE700D67091 /* DC변호사시험헌법OX.swift in Sources */,
				39AD18A01EE728EF008F72D4 /* SmallRoman.swift in Sources */,
				9BC35E3F2AAFF89100D69ED6 /* Test+Backend.swift in Sources */,
				39AD18941EE70206008F72D4 /* Roman.swift in Sources */,
				3937BBB91EDF1B4A00AFA704 /* TestDatabaseResource.swift in Sources */,
				39C9336F1EE1A1CD004A5FC7 /* DC사법시험.swift in Sources */,
				392561BC1EC0BBF500A9E3FF /* DCDD.swift in Sources */,
				3943C5E01FE4162B003606D5 /* OXer.swift in Sources */,
				39AD189C1EE706E4008F72D4 /* SeqRoundNumber.swift in Sources */,
				397631B51EB6F4CE0040CE01 /* DC법조윤리.swift in Sources */,
				39DF734D1EAF4036005AD7D7 /* Note.swift in Sources */,
				39E7E2AE1EBB263700087D73 /* Generator.swift in Sources */,
				9B35A04E2A58731100C5A838 /* DataConverter+Essential.swift in Sources */,
				9BA6AD952AB9253A00B06D36 /* QuestionData.swift in Sources */,
				39CFAE1B1ECDDF00008C775D /* ConsoleIO.swift in Sources */,
				397214D51EBD818800FDCD62 /* BookStructure.swift in Sources */,
				39AD188E1EE6FDF2008F72D4 /* Chapter.swift in Sources */,
				39E1DE191E82C091006F3DB9 /* Question.swift in Sources */,
				9BA6AD9E2AB954B900B06D36 /* mainEXE.swift in Sources */,
				39E1DE1D1E82C842006F3DB9 /* TestCategory.swift in Sources */,
				39DF734B1EAF2EFE005AD7D7 /* 3. Keyword.swift in Sources */,
				9B35A04B2A58705300C5A838 /* Question+Essential.swift in Sources */,
				39E775951ECA221C00F17DA7 /* DataConverterData.swift in Sources */,
				396291B31EBC60C300FADC4C /* Selection.swift in Sources */,
				395BF6D31E82BA36004BE198 /* main.swift in Sources */,
				39D7AF1E1ED453F100973EFF /* InstManagerQuestionEdit.swift in Sources */,
				9B4FA2DA2A435C6E0006F173 /* GenerateHistory.swift in Sources */,
				392561CA1EC31CF000A9E3FF /* Instruction.swift in Sources */,
				9BC35E3C2AAFF26600D69ED6 /* StorageManager+Essential.swift in Sources */,
				397214D71EBD82E800FDCD62 /* DataStructure.swift in Sources */,
				39AD188C1EE6FDE1008F72D4 /* Division.swift in Sources */,
				9B35A0502A58733600C5A838 /* DataConverter+Extension.swift in Sources */,
				39AD188A1EE6FD01008F72D4 /* Book.swift in Sources */,
				9B35A0572A5875E300C5A838 /* Templet.swift in Sources */,
				396291AE1EBC41CC00FADC4C /* ListSelection.swift in Sources */,
				9B5F98CE2A3CC56700CE08DC /* Solver+Extension.swift in Sources */,
				3903139F1EB9BC8B006FE79A /* Test.swift in Sources */,
				39E775981ECB23AF00F17DA7 /* StorageManager.swift in Sources */,
			);
			runOnlyForDeploymentPostprocessing = 0;
		};
		9B41E9DD2A377B4300DE389F /* Sources */ = {
			isa = PBXSourcesBuildPhase;
			buildActionMask = 2147483647;
			files = (
				9B35A04C2A5870E800C5A838 /* Question+Essential.swift in Sources */,
				9B41EA0B2A37832800DE389F /* Instruction.swift in Sources */,
				9B41EA0C2A37832900DE389F /* ConsoleIO.swift in Sources */,
				9B93524F2A44A51300EF2EFB /* GeneratorViewModeEnum.swift in Sources */,
				9B41EA112A37832900DE389F /* OutputManager.swift in Sources */,
				9B41EA122A37832900DE389F /* DataConverter.swift in Sources */,
				9B41EA132A37832900DE389F /* DataConverterData.swift in Sources */,
				9BB1A79D2AAABCA200AA5539 /* MemoInputView.swift in Sources */,
				9BFA60292A3F742F0027627B /* ResultPopoverView.swift in Sources */,
				9B41EA372A37832900DE389F /* StorageManager.swift in Sources */,
				9B35A0582A5875E300C5A838 /* Templet.swift in Sources */,
				9BC35E3D2AAFF26600D69ED6 /* StorageManager+Essential.swift in Sources */,
				9B41EA382A37832900DE389F /* DataStructure.swift in Sources */,
				9B4FA2DB2A435C6E0006F173 /* GenerateHistory.swift in Sources */,
				9B41EA392A37832900DE389F /* Note.swift in Sources */,
				9B5F98CF2A3CC56700CE08DC /* Solver+Extension.swift in Sources */,
				9BB1A79B2AAAB4F600AA5539 /* WhatsNewView.swift in Sources */,
				9B41EA3A2A37832900DE389F /* Codes.swift in Sources */,
				9B5F98DB2A3CE53900CE08DC /* TestsView.swift in Sources */,
				9BA0EA1C2A40B538004C5BBB /* CategoryView.swift in Sources */,
				9BED4F682AB1D8B6002D483D /* Question+Backend.swift in Sources */,
				9B5F98D22A3CC7CA00CE08DC /* Solver+Essential.swift in Sources */,
				9B5F98D72A3CD2E500CE08DC /* SolverView.swift in Sources */,
				9B9352512A44AF4200EF2EFB /* SolversListView.swift in Sources */,
				9B41EA3B2A37832900DE389F /* Cases.swift in Sources */,
				9B6C0E4F2A462915003EC10B /* SetUP.swift in Sources */,
				9BA6AD9C2AB9520700B06D36 /* QuestionData+Backend.swift in Sources */,
				9B41EA3C2A37832900DE389F /* 3. Keyword.swift in Sources */,
				9B6F4DF02A3C101700908F9E /* SelectionView.swift in Sources */,
				9B41EA3D2A37832900DE389F /* BookStructure.swift in Sources */,
				9BC35E402AAFF89100D69ED6 /* Test+Backend.swift in Sources */,
				9B41EA3E2A37832900DE389F /* Books.swift in Sources */,
				9B41EA3F2A37832900DE389F /* Book.swift in Sources */,
				9B6C0E4B2A45F3B2003EC10B /* SolverOneByOneView.swift in Sources */,
				9B41EA402A37832900DE389F /* Division.swift in Sources */,
				9B41EA412A37832900DE389F /* Chapter.swift in Sources */,
				9B41EA422A37832900DE389F /* Title.swift in Sources */,
				9B6C0E512A473F62003EC10B /* ListSelectionView.swift in Sources */,
				9B41EA432A37832900DE389F /* Roman.swift in Sources */,
				9B41EA442A37832900DE389F /* SeqNumber.swift in Sources */,
				9B41EA452A37832900DE389F /* DoubleBracket.swift in Sources */,
				9B41EA462A37832900DE389F /* SingleBracket.swift in Sources */,
				9B41EA472A37832900DE389F /* SeqRoundNumber.swift in Sources */,
				9B41EA482A37832900DE389F /* RoundLetter.swift in Sources */,
				9B41EA492A37832900DE389F /* SmallRoman.swift in Sources */,
				9B41EA4A2A37832900DE389F /* TestDatabase.swift in Sources */,
				9BA6AD962AB9253A00B06D36 /* QuestionData.swift in Sources */,
				9B41EA4B2A37832900DE389F /* TestDatabaseResource.swift in Sources */,
				9B41EA4C2A37832900DE389F /* TestCategory.swift in Sources */,
				9B41EA4D2A37832900DE389F /* TestSubject.swift in Sources */,
				9B41EA4E2A37832900DE389F /* Test.swift in Sources */,
				9B41EA4F2A37832900DE389F /* Question.swift in Sources */,
				9B41EA502A37832900DE389F /* Statement.swift in Sources */,
				9BC35E432AAFF8E600D69ED6 /* Genrator+Backend.swift in Sources */,
				9B41EA512A37832900DE389F /* Selection.swift in Sources */,
				9BFA602D2A3FF93F0027627B /* TestStartPopupView.swift in Sources */,
				9B41EA522A37832900DE389F /* ListSelection.swift in Sources */,
				9B4FA2D72A435AD60006F173 /* HistoryContentView.swift in Sources */,
				9B19B0E22A40DC2F00766453 /* GeneratorView.swift in Sources */,
				9B41EA532A37832900DE389F /* Generator.swift in Sources */,
				9B41EA542A37832900DE389F /* Solver.swift in Sources */,
				9B41EA552A37832900DE389F /* OXer.swift in Sources */,
				9B41E9E62A377B4300DE389F /* ContentView.swift in Sources */,
				9B41E9E42A377B4300DE389F /* LawDiOSApp.swift in Sources */,
			);
			runOnlyForDeploymentPostprocessing = 0;
		};
		9B41E9EC2A377B4400DE389F /* Sources */ = {
			isa = PBXSourcesBuildPhase;
			buildActionMask = 2147483647;
			files = (
				9B41E9F52A377B4400DE389F /* TestGeneratorIOSTests.swift in Sources */,
			);
			runOnlyForDeploymentPostprocessing = 0;
		};
		9B41E9F62A377B4400DE389F /* Sources */ = {
			isa = PBXSourcesBuildPhase;
			buildActionMask = 2147483647;
			files = (
				9B41EA012A377B4400DE389F /* TestGeneratorIOSUITestsLaunchTests.swift in Sources */,
				9B41E9FF2A377B4400DE389F /* TestGeneratorIOSUITests.swift in Sources */,
			);
			runOnlyForDeploymentPostprocessing = 0;
		};
/* End PBXSourcesBuildPhase section */

/* Begin PBXTargetDependency section */
		9B41E9F22A377B4400DE389F /* PBXTargetDependency */ = {
			isa = PBXTargetDependency;
			target = 9B41E9E02A377B4300DE389F /* LawD iOS */;
			targetProxy = 9B41E9F12A377B4400DE389F /* PBXContainerItemProxy */;
		};
		9B41E9FC2A377B4400DE389F /* PBXTargetDependency */ = {
			isa = PBXTargetDependency;
			target = 9B41E9E02A377B4300DE389F /* LawD iOS */;
			targetProxy = 9B41E9FB2A377B4400DE389F /* PBXContainerItemProxy */;
		};
/* End PBXTargetDependency section */

/* Begin XCBuildConfiguration section */
		395BF6D41E82BA36004BE198 /* Debug */ = {
			isa = XCBuildConfiguration;
			buildSettings = {
				ALWAYS_SEARCH_USER_PATHS = NO;
				CLANG_ANALYZER_NONNULL = YES;
				CLANG_CXX_LANGUAGE_STANDARD = "gnu++0x";
				CLANG_CXX_LIBRARY = "libc++";
				CLANG_ENABLE_MODULES = YES;
				CLANG_ENABLE_OBJC_ARC = YES;
				CLANG_WARN_BLOCK_CAPTURE_AUTORELEASING = YES;
				CLANG_WARN_BOOL_CONVERSION = YES;
				CLANG_WARN_COMMA = YES;
				CLANG_WARN_CONSTANT_CONVERSION = YES;
				CLANG_WARN_DEPRECATED_OBJC_IMPLEMENTATIONS = YES;
				CLANG_WARN_DIRECT_OBJC_ISA_USAGE = YES_ERROR;
				CLANG_WARN_DOCUMENTATION_COMMENTS = YES;
				CLANG_WARN_EMPTY_BODY = YES;
				CLANG_WARN_ENUM_CONVERSION = YES;
				CLANG_WARN_INFINITE_RECURSION = YES;
				CLANG_WARN_INT_CONVERSION = YES;
				CLANG_WARN_NON_LITERAL_NULL_CONVERSION = YES;
				CLANG_WARN_OBJC_IMPLICIT_RETAIN_SELF = YES;
				CLANG_WARN_OBJC_LITERAL_CONVERSION = YES;
				CLANG_WARN_OBJC_ROOT_CLASS = YES_ERROR;
				CLANG_WARN_QUOTED_INCLUDE_IN_FRAMEWORK_HEADER = YES;
				CLANG_WARN_RANGE_LOOP_ANALYSIS = YES;
				CLANG_WARN_STRICT_PROTOTYPES = YES;
				CLANG_WARN_SUSPICIOUS_MOVE = YES;
				CLANG_WARN_UNREACHABLE_CODE = YES;
				CLANG_WARN__DUPLICATE_METHOD_MATCH = YES;
				CODE_SIGN_IDENTITY = "-";
				COPY_PHASE_STRIP = NO;
				DEAD_CODE_STRIPPING = YES;
				DEBUG_INFORMATION_FORMAT = dwarf;
				ENABLE_STRICT_OBJC_MSGSEND = YES;
				ENABLE_TESTABILITY = YES;
				GCC_C_LANGUAGE_STANDARD = gnu99;
				GCC_DYNAMIC_NO_PIC = NO;
				GCC_NO_COMMON_BLOCKS = YES;
				GCC_OPTIMIZATION_LEVEL = 0;
				GCC_PREPROCESSOR_DEFINITIONS = (
					"DEBUG=1",
					"$(inherited)",
				);
				GCC_WARN_64_TO_32_BIT_CONVERSION = YES;
				GCC_WARN_ABOUT_RETURN_TYPE = YES_ERROR;
				GCC_WARN_UNDECLARED_SELECTOR = YES;
				GCC_WARN_UNINITIALIZED_AUTOS = YES_AGGRESSIVE;
				GCC_WARN_UNUSED_FUNCTION = YES;
				GCC_WARN_UNUSED_VARIABLE = YES;
				MACOSX_DEPLOYMENT_TARGET = "$(RECOMMENDED_MACOSX_DEPLOYMENT_TARGET)";
				MTL_ENABLE_DEBUG_INFO = YES;
				ONLY_ACTIVE_ARCH = YES;
				SDKROOT = macosx;
				SWIFT_OPTIMIZATION_LEVEL = "-Onone";
				SWIFT_VERSION = 5.0;
			};
			name = Debug;
		};
		395BF6D51E82BA36004BE198 /* Release */ = {
			isa = XCBuildConfiguration;
			buildSettings = {
				ALWAYS_SEARCH_USER_PATHS = NO;
				CLANG_ANALYZER_NONNULL = YES;
				CLANG_CXX_LANGUAGE_STANDARD = "gnu++0x";
				CLANG_CXX_LIBRARY = "libc++";
				CLANG_ENABLE_MODULES = YES;
				CLANG_ENABLE_OBJC_ARC = YES;
				CLANG_WARN_BLOCK_CAPTURE_AUTORELEASING = YES;
				CLANG_WARN_BOOL_CONVERSION = YES;
				CLANG_WARN_COMMA = YES;
				CLANG_WARN_CONSTANT_CONVERSION = YES;
				CLANG_WARN_DEPRECATED_OBJC_IMPLEMENTATIONS = YES;
				CLANG_WARN_DIRECT_OBJC_ISA_USAGE = YES_ERROR;
				CLANG_WARN_DOCUMENTATION_COMMENTS = YES;
				CLANG_WARN_EMPTY_BODY = YES;
				CLANG_WARN_ENUM_CONVERSION = YES;
				CLANG_WARN_INFINITE_RECURSION = YES;
				CLANG_WARN_INT_CONVERSION = YES;
				CLANG_WARN_NON_LITERAL_NULL_CONVERSION = YES;
				CLANG_WARN_OBJC_IMPLICIT_RETAIN_SELF = YES;
				CLANG_WARN_OBJC_LITERAL_CONVERSION = YES;
				CLANG_WARN_OBJC_ROOT_CLASS = YES_ERROR;
				CLANG_WARN_QUOTED_INCLUDE_IN_FRAMEWORK_HEADER = YES;
				CLANG_WARN_RANGE_LOOP_ANALYSIS = YES;
				CLANG_WARN_STRICT_PROTOTYPES = YES;
				CLANG_WARN_SUSPICIOUS_MOVE = YES;
				CLANG_WARN_UNREACHABLE_CODE = YES;
				CLANG_WARN__DUPLICATE_METHOD_MATCH = YES;
				CODE_SIGN_IDENTITY = "-";
				COPY_PHASE_STRIP = NO;
				DEAD_CODE_STRIPPING = YES;
				DEBUG_INFORMATION_FORMAT = "dwarf-with-dsym";
				ENABLE_NS_ASSERTIONS = NO;
				ENABLE_STRICT_OBJC_MSGSEND = YES;
				GCC_C_LANGUAGE_STANDARD = gnu99;
				GCC_NO_COMMON_BLOCKS = YES;
				GCC_WARN_64_TO_32_BIT_CONVERSION = YES;
				GCC_WARN_ABOUT_RETURN_TYPE = YES_ERROR;
				GCC_WARN_UNDECLARED_SELECTOR = YES;
				GCC_WARN_UNINITIALIZED_AUTOS = YES_AGGRESSIVE;
				GCC_WARN_UNUSED_FUNCTION = YES;
				GCC_WARN_UNUSED_VARIABLE = YES;
				MACOSX_DEPLOYMENT_TARGET = "$(RECOMMENDED_MACOSX_DEPLOYMENT_TARGET)";
				MTL_ENABLE_DEBUG_INFO = NO;
				SDKROOT = macosx;
				SWIFT_COMPILATION_MODE = wholemodule;
				SWIFT_VERSION = 5.0;
			};
			name = Release;
		};
		395BF6D71E82BA36004BE198 /* Debug */ = {
			isa = XCBuildConfiguration;
			buildSettings = {
				DEAD_CODE_STRIPPING = YES;
				MACOSX_DEPLOYMENT_TARGET = 13.3;
				PRODUCT_NAME = "$(TARGET_NAME)";
				SWIFT_VERSION = 5.0;
			};
			name = Debug;
		};
		395BF6D81E82BA36004BE198 /* Release */ = {
			isa = XCBuildConfiguration;
			buildSettings = {
				DEAD_CODE_STRIPPING = YES;
				MACOSX_DEPLOYMENT_TARGET = 13.3;
				PRODUCT_NAME = "$(TARGET_NAME)";
				SWIFT_VERSION = 5.0;
			};
			name = Release;
		};
		9B41EA022A377B4400DE389F /* Debug */ = {
			isa = XCBuildConfiguration;
			buildSettings = {
				ASSETCATALOG_COMPILER_APPICON_NAME = AppIcon;
				ASSETCATALOG_COMPILER_GLOBAL_ACCENT_COLOR_NAME = AccentColor;
				CLANG_ANALYZER_NUMBER_OBJECT_CONVERSION = YES_AGGRESSIVE;
				CLANG_CXX_LANGUAGE_STANDARD = "gnu++20";
				CLANG_ENABLE_OBJC_WEAK = YES;
				CLANG_WARN_UNGUARDED_AVAILABILITY = YES_AGGRESSIVE;
				"CODE_SIGN_IDENTITY[sdk=iphoneos*]" = "Apple Development";
				CODE_SIGN_STYLE = Automatic;
				CURRENT_PROJECT_VERSION = 1;
				DEVELOPMENT_ASSET_PATHS = "\"TestGeneratorIOS/Preview Content\"";
				DEVELOPMENT_TEAM = 7QGS92TS4K;
				ENABLE_PREVIEWS = YES;
				GCC_C_LANGUAGE_STANDARD = gnu11;
				GENERATE_INFOPLIST_FILE = YES;
				INFOPLIST_KEY_UIApplicationSceneManifest_Generation = YES;
				INFOPLIST_KEY_UIApplicationSupportsIndirectInputEvents = YES;
				INFOPLIST_KEY_UILaunchScreen_Generation = YES;
				INFOPLIST_KEY_UISupportedInterfaceOrientations_iPad = "UIInterfaceOrientationPortrait UIInterfaceOrientationPortraitUpsideDown UIInterfaceOrientationLandscapeLeft UIInterfaceOrientationLandscapeRight";
				INFOPLIST_KEY_UISupportedInterfaceOrientations_iPhone = "UIInterfaceOrientationPortrait UIInterfaceOrientationLandscapeLeft UIInterfaceOrientationLandscapeRight";
				IPHONEOS_DEPLOYMENT_TARGET = 16.4;
				LD_RUNPATH_SEARCH_PATHS = (
					"$(inherited)",
					"@executable_path/Frameworks",
				);
				MARKETING_VERSION = 1.0;
				MTL_ENABLE_DEBUG_INFO = INCLUDE_SOURCE;
				MTL_FAST_MATH = YES;
				PRODUCT_BUNDLE_IDENTIFIER = Masterbuilder.LawD;
				PRODUCT_NAME = "$(TARGET_NAME)";
				SDKROOT = iphoneos;
				SWIFT_ACTIVE_COMPILATION_CONDITIONS = DEBUG;
				SWIFT_EMIT_LOC_STRINGS = YES;
				SWIFT_VERSION = 5.0;
				TARGETED_DEVICE_FAMILY = "1,2";
			};
			name = Debug;
		};
		9B41EA032A377B4400DE389F /* Release */ = {
			isa = XCBuildConfiguration;
			buildSettings = {
				ASSETCATALOG_COMPILER_APPICON_NAME = AppIcon;
				ASSETCATALOG_COMPILER_GLOBAL_ACCENT_COLOR_NAME = AccentColor;
				CLANG_ANALYZER_NUMBER_OBJECT_CONVERSION = YES_AGGRESSIVE;
				CLANG_CXX_LANGUAGE_STANDARD = "gnu++20";
				CLANG_ENABLE_OBJC_WEAK = YES;
				CLANG_WARN_UNGUARDED_AVAILABILITY = YES_AGGRESSIVE;
				"CODE_SIGN_IDENTITY[sdk=iphoneos*]" = "Apple Development";
				CODE_SIGN_STYLE = Automatic;
				CURRENT_PROJECT_VERSION = 1;
				DEVELOPMENT_ASSET_PATHS = "\"TestGeneratorIOS/Preview Content\"";
				DEVELOPMENT_TEAM = 7QGS92TS4K;
				ENABLE_PREVIEWS = YES;
				GCC_C_LANGUAGE_STANDARD = gnu11;
				GENERATE_INFOPLIST_FILE = YES;
				INFOPLIST_KEY_UIApplicationSceneManifest_Generation = YES;
				INFOPLIST_KEY_UIApplicationSupportsIndirectInputEvents = YES;
				INFOPLIST_KEY_UILaunchScreen_Generation = YES;
				INFOPLIST_KEY_UISupportedInterfaceOrientations_iPad = "UIInterfaceOrientationPortrait UIInterfaceOrientationPortraitUpsideDown UIInterfaceOrientationLandscapeLeft UIInterfaceOrientationLandscapeRight";
				INFOPLIST_KEY_UISupportedInterfaceOrientations_iPhone = "UIInterfaceOrientationPortrait UIInterfaceOrientationLandscapeLeft UIInterfaceOrientationLandscapeRight";
				IPHONEOS_DEPLOYMENT_TARGET = 16.4;
				LD_RUNPATH_SEARCH_PATHS = (
					"$(inherited)",
					"@executable_path/Frameworks",
				);
				MARKETING_VERSION = 1.0;
				MTL_FAST_MATH = YES;
				PRODUCT_BUNDLE_IDENTIFIER = Masterbuilder.LawD;
				PRODUCT_NAME = "$(TARGET_NAME)";
				SDKROOT = iphoneos;
				SWIFT_EMIT_LOC_STRINGS = YES;
				SWIFT_OPTIMIZATION_LEVEL = "-O";
				SWIFT_VERSION = 5.0;
				TARGETED_DEVICE_FAMILY = "1,2";
				VALIDATE_PRODUCT = YES;
			};
			name = Release;
		};
		9B41EA042A377B4400DE389F /* Debug */ = {
			isa = XCBuildConfiguration;
			buildSettings = {
				ALWAYS_EMBED_SWIFT_STANDARD_LIBRARIES = YES;
				BUNDLE_LOADER = "$(TEST_HOST)";
				CLANG_ANALYZER_NUMBER_OBJECT_CONVERSION = YES_AGGRESSIVE;
				CLANG_CXX_LANGUAGE_STANDARD = "gnu++20";
				CLANG_ENABLE_OBJC_WEAK = YES;
				CLANG_WARN_UNGUARDED_AVAILABILITY = YES_AGGRESSIVE;
				CODE_SIGN_STYLE = Automatic;
				CURRENT_PROJECT_VERSION = 1;
				GCC_C_LANGUAGE_STANDARD = gnu11;
				GENERATE_INFOPLIST_FILE = YES;
				IPHONEOS_DEPLOYMENT_TARGET = 16.4;
				MARKETING_VERSION = 1.0;
				MTL_ENABLE_DEBUG_INFO = INCLUDE_SOURCE;
				MTL_FAST_MATH = YES;
				PRODUCT_BUNDLE_IDENTIFIER = Masterbuilder.TestGeneratorIOSTests;
				PRODUCT_NAME = "$(TARGET_NAME)";
				SDKROOT = iphoneos;
				SWIFT_ACTIVE_COMPILATION_CONDITIONS = DEBUG;
				SWIFT_EMIT_LOC_STRINGS = NO;
				SWIFT_VERSION = 5.0;
				TARGETED_DEVICE_FAMILY = "1,2";
				TEST_HOST = "$(BUILT_PRODUCTS_DIR)/TestGeneratorIOS.app/$(BUNDLE_EXECUTABLE_FOLDER_PATH)/TestGeneratorIOS";
			};
			name = Debug;
		};
		9B41EA052A377B4400DE389F /* Release */ = {
			isa = XCBuildConfiguration;
			buildSettings = {
				ALWAYS_EMBED_SWIFT_STANDARD_LIBRARIES = YES;
				BUNDLE_LOADER = "$(TEST_HOST)";
				CLANG_ANALYZER_NUMBER_OBJECT_CONVERSION = YES_AGGRESSIVE;
				CLANG_CXX_LANGUAGE_STANDARD = "gnu++20";
				CLANG_ENABLE_OBJC_WEAK = YES;
				CLANG_WARN_UNGUARDED_AVAILABILITY = YES_AGGRESSIVE;
				CODE_SIGN_STYLE = Automatic;
				CURRENT_PROJECT_VERSION = 1;
				GCC_C_LANGUAGE_STANDARD = gnu11;
				GENERATE_INFOPLIST_FILE = YES;
				IPHONEOS_DEPLOYMENT_TARGET = 16.4;
				MARKETING_VERSION = 1.0;
				MTL_FAST_MATH = YES;
				PRODUCT_BUNDLE_IDENTIFIER = Masterbuilder.TestGeneratorIOSTests;
				PRODUCT_NAME = "$(TARGET_NAME)";
				SDKROOT = iphoneos;
				SWIFT_EMIT_LOC_STRINGS = NO;
				SWIFT_OPTIMIZATION_LEVEL = "-O";
				SWIFT_VERSION = 5.0;
				TARGETED_DEVICE_FAMILY = "1,2";
				TEST_HOST = "$(BUILT_PRODUCTS_DIR)/TestGeneratorIOS.app/$(BUNDLE_EXECUTABLE_FOLDER_PATH)/TestGeneratorIOS";
				VALIDATE_PRODUCT = YES;
			};
			name = Release;
		};
		9B41EA062A377B4400DE389F /* Debug */ = {
			isa = XCBuildConfiguration;
			buildSettings = {
				ALWAYS_EMBED_SWIFT_STANDARD_LIBRARIES = YES;
				CLANG_ANALYZER_NUMBER_OBJECT_CONVERSION = YES_AGGRESSIVE;
				CLANG_CXX_LANGUAGE_STANDARD = "gnu++20";
				CLANG_ENABLE_OBJC_WEAK = YES;
				CLANG_WARN_UNGUARDED_AVAILABILITY = YES_AGGRESSIVE;
				CODE_SIGN_STYLE = Automatic;
				CURRENT_PROJECT_VERSION = 1;
				GCC_C_LANGUAGE_STANDARD = gnu11;
				GENERATE_INFOPLIST_FILE = YES;
				IPHONEOS_DEPLOYMENT_TARGET = 16.4;
				MARKETING_VERSION = 1.0;
				MTL_ENABLE_DEBUG_INFO = INCLUDE_SOURCE;
				MTL_FAST_MATH = YES;
				PRODUCT_BUNDLE_IDENTIFIER = Masterbuilder.TestGeneratorIOSUITests;
				PRODUCT_NAME = "$(TARGET_NAME)";
				SDKROOT = iphoneos;
				SWIFT_ACTIVE_COMPILATION_CONDITIONS = DEBUG;
				SWIFT_EMIT_LOC_STRINGS = NO;
				SWIFT_VERSION = 5.0;
				TARGETED_DEVICE_FAMILY = "1,2";
				TEST_TARGET_NAME = TestGeneratorIOS;
			};
			name = Debug;
		};
		9B41EA072A377B4400DE389F /* Release */ = {
			isa = XCBuildConfiguration;
			buildSettings = {
				ALWAYS_EMBED_SWIFT_STANDARD_LIBRARIES = YES;
				CLANG_ANALYZER_NUMBER_OBJECT_CONVERSION = YES_AGGRESSIVE;
				CLANG_CXX_LANGUAGE_STANDARD = "gnu++20";
				CLANG_ENABLE_OBJC_WEAK = YES;
				CLANG_WARN_UNGUARDED_AVAILABILITY = YES_AGGRESSIVE;
				CODE_SIGN_STYLE = Automatic;
				CURRENT_PROJECT_VERSION = 1;
				GCC_C_LANGUAGE_STANDARD = gnu11;
				GENERATE_INFOPLIST_FILE = YES;
				IPHONEOS_DEPLOYMENT_TARGET = 16.4;
				MARKETING_VERSION = 1.0;
				MTL_FAST_MATH = YES;
				PRODUCT_BUNDLE_IDENTIFIER = Masterbuilder.TestGeneratorIOSUITests;
				PRODUCT_NAME = "$(TARGET_NAME)";
				SDKROOT = iphoneos;
				SWIFT_EMIT_LOC_STRINGS = NO;
				SWIFT_OPTIMIZATION_LEVEL = "-O";
				SWIFT_VERSION = 5.0;
				TARGETED_DEVICE_FAMILY = "1,2";
				TEST_TARGET_NAME = TestGeneratorIOS;
				VALIDATE_PRODUCT = YES;
			};
			name = Release;
		};
/* End XCBuildConfiguration section */

/* Begin XCConfigurationList section */
		395BF6CA1E82BA36004BE198 /* Build configuration list for PBXProject "LawD MVP" */ = {
			isa = XCConfigurationList;
			buildConfigurations = (
				395BF6D41E82BA36004BE198 /* Debug */,
				395BF6D51E82BA36004BE198 /* Release */,
			);
			defaultConfigurationIsVisible = 0;
			defaultConfigurationName = Release;
		};
		395BF6D61E82BA36004BE198 /* Build configuration list for PBXNativeTarget "LawD Console System" */ = {
			isa = XCConfigurationList;
			buildConfigurations = (
				395BF6D71E82BA36004BE198 /* Debug */,
				395BF6D81E82BA36004BE198 /* Release */,
			);
			defaultConfigurationIsVisible = 0;
			defaultConfigurationName = Release;
		};
		9B41EA082A377B4400DE389F /* Build configuration list for PBXNativeTarget "LawD iOS" */ = {
			isa = XCConfigurationList;
			buildConfigurations = (
				9B41EA022A377B4400DE389F /* Debug */,
				9B41EA032A377B4400DE389F /* Release */,
			);
			defaultConfigurationIsVisible = 0;
			defaultConfigurationName = Release;
		};
		9B41EA092A377B4400DE389F /* Build configuration list for PBXNativeTarget "TestGeneratorIOSTests" */ = {
			isa = XCConfigurationList;
			buildConfigurations = (
				9B41EA042A377B4400DE389F /* Debug */,
				9B41EA052A377B4400DE389F /* Release */,
			);
			defaultConfigurationIsVisible = 0;
			defaultConfigurationName = Release;
		};
		9B41EA0A2A377B4400DE389F /* Build configuration list for PBXNativeTarget "TestGeneratorIOSUITests" */ = {
			isa = XCConfigurationList;
			buildConfigurations = (
				9B41EA062A377B4400DE389F /* Debug */,
				9B41EA072A377B4400DE389F /* Release */,
			);
			defaultConfigurationIsVisible = 0;
			defaultConfigurationName = Release;
		};
/* End XCConfigurationList section */
	};
	rootObject = 395BF6C71E82BA36004BE198 /* Project object */;
}
